// !$*UTF8*$!
{
	archiveVersion = 1;
	classes = {
	};
	objectVersion = 46;
	objects = {

/* Begin PBXBuildFile section */
		1D60589F0D05DD5A006BFB54 /* Foundation.framework in Frameworks */ = {isa = PBXBuildFile; fileRef = 1D30AB110D05D00D00671497 /* Foundation.framework */; };
		1DF5F4E00D08C38300B7A737 /* UIKit.framework in Frameworks */ = {isa = PBXBuildFile; fileRef = 1DF5F4DF0D08C38300B7A737 /* UIKit.framework */; };
		288765FD0DF74451002DB57D /* CoreGraphics.framework in Frameworks */ = {isa = PBXBuildFile; fileRef = 288765FC0DF74451002DB57D /* CoreGraphics.framework */; };
		5326AEA810A23A0500278DE6 /* CoreLocation.framework in Frameworks */ = {isa = PBXBuildFile; fileRef = 5326AEA710A23A0500278DE6 /* CoreLocation.framework */; };
		53F323EB10A20EDB00E0DAE4 /* OpenAL.framework in Frameworks */ = {isa = PBXBuildFile; fileRef = 53F323EA10A20EDB00E0DAE4 /* OpenAL.framework */; };
		5A4349E9754D6FA14C0F2A3A /* tinyxmlparser.cpp in Sources */ = {isa = PBXBuildFile; fileRef = FC5DA1C87211D4F6377DA719 /* tinyxmlparser.cpp */; };
		63B57AC5BF4EF088491E0317 /* ofxXmlSettings.cpp in Sources */ = {isa = PBXBuildFile; fileRef = 50DF87D612C5AAE17AAFA6C0 /* ofxXmlSettings.cpp */; };
		933A2227713C720CEFF80FD9 /* tinyxml.cpp in Sources */ = {isa = PBXBuildFile; fileRef = 2B40EDA85BEB63E46785BC29 /* tinyxml.cpp */; };
		9D44DC88EF9E7991B4A09951 /* tinyxmlerror.cpp in Sources */ = {isa = PBXBuildFile; fileRef = 832BDC407620CDBA568B713D /* tinyxmlerror.cpp */; };
		BB16EBD20F2B2A9500518274 /* OpenGLES.framework in Frameworks */ = {isa = PBXBuildFile; fileRef = BB16EBD10F2B2A9500518274 /* OpenGLES.framework */; };
		BB16EBD90F2B2AB500518274 /* QuartzCore.framework in Frameworks */ = {isa = PBXBuildFile; fileRef = BB16EBD80F2B2AB500518274 /* QuartzCore.framework */; };
		BBE5EAB80F49AD8400F28951 /* AudioToolbox.framework in Frameworks */ = {isa = PBXBuildFile; fileRef = BBE5EAB70F49AD8400F28951 /* AudioToolbox.framework */; };
		E41D3ED713B38FB500A75A5D /* Project.xcconfig in Resources */ = {isa = PBXBuildFile; fileRef = E41D3ED613B38FB500A75A5D /* Project.xcconfig */; };
		E41D3EE613B3906D00A75A5D /* CoreOF.xcconfig in Resources */ = {isa = PBXBuildFile; fileRef = E41D3EE513B3906D00A75A5D /* CoreOF.xcconfig */; };
		E41D400B13B39D2100A75A5D /* AVFoundation.framework in Frameworks */ = {isa = PBXBuildFile; fileRef = E41D400613B39D2100A75A5D /* AVFoundation.framework */; };
		E41D400C13B39D2100A75A5D /* CoreMedia.framework in Frameworks */ = {isa = PBXBuildFile; fileRef = E41D400713B39D2100A75A5D /* CoreMedia.framework */; };
		E41D400D13B39D2100A75A5D /* CoreVideo.framework in Frameworks */ = {isa = PBXBuildFile; fileRef = E41D400813B39D2100A75A5D /* CoreVideo.framework */; };
		E41D400E13B39D2100A75A5D /* MapKit.framework in Frameworks */ = {isa = PBXBuildFile; fileRef = E41D400913B39D2100A75A5D /* MapKit.framework */; };
		E41D421413B3A95300A75A5D /* libofxiOS_iphoneos_Debug.a in Frameworks */ = {isa = PBXBuildFile; fileRef = E41D410213B3A0D800A75A5D /* libofxiOS_iphoneos_Debug.a */; };
		E4A823A412561BE3002F86A2 /* CoreGraphics.framework in Frameworks */ = {isa = PBXBuildFile; fileRef = E4A823A312561BE3002F86A2 /* CoreGraphics.framework */; };
		E4D8936E11527B74007E1F53 /* main.mm in Sources */ = {isa = PBXBuildFile; fileRef = E4D8936B11527B74007E1F53 /* main.mm */; };
		E4D8936F11527B74007E1F53 /* testApp.mm in Sources */ = {isa = PBXBuildFile; fileRef = E4D8936D11527B74007E1F53 /* testApp.mm */; };
		FC07693618C4EACD00E46FA0 /* soundcontroller.mm in Sources */ = {isa = PBXBuildFile; fileRef = FC07693518C4EACD00E46FA0 /* soundcontroller.mm */; };
		FC07693918C4EB3400E46FA0 /* soundObject.mm in Sources */ = {isa = PBXBuildFile; fileRef = FC07693818C4EB3400E46FA0 /* soundObject.mm */; };
		FC55E12E18C5C5E500F9B49C /* ofxiOSSoundPlayer3D.mm in Sources */ = {isa = PBXBuildFile; fileRef = FC55E12D18C5C5E500F9B49C /* ofxiOSSoundPlayer3D.mm */; };
		FC77A87318D31CB4007E52FB /* .gitignore in Resources */ = {isa = PBXBuildFile; fileRef = FC77A81118D31CB4007E52FB /* .gitignore */; };
		FC77A87418D31CB4007E52FB /* ofxaddons_thumbnail.png in Resources */ = {isa = PBXBuildFile; fileRef = FC77A81218D31CB4007E52FB /* ofxaddons_thumbnail.png */; };
		FC77A87518D31CB4007E52FB /* README.md in Resources */ = {isa = PBXBuildFile; fileRef = FC77A81318D31CB4007E52FB /* README.md */; };
		FC77A87618D31CB4007E52FB /* ofxUI2DGraph.cpp in Sources */ = {isa = PBXBuildFile; fileRef = FC77A81618D31CB4007E52FB /* ofxUI2DGraph.cpp */; };
		FC77A87718D31CB4007E52FB /* ofxUI2DPad.cpp in Sources */ = {isa = PBXBuildFile; fileRef = FC77A81818D31CB4007E52FB /* ofxUI2DPad.cpp */; };
		FC77A87818D31CB4007E52FB /* ofxUIBaseDraws.cpp in Sources */ = {isa = PBXBuildFile; fileRef = FC77A81A18D31CB4007E52FB /* ofxUIBaseDraws.cpp */; };
		FC77A87918D31CB4007E52FB /* ofxUIBiLabelSlider.cpp in Sources */ = {isa = PBXBuildFile; fileRef = FC77A81C18D31CB4007E52FB /* ofxUIBiLabelSlider.cpp */; };
		FC77A87A18D31CB4007E52FB /* ofxUIButton.cpp in Sources */ = {isa = PBXBuildFile; fileRef = FC77A81E18D31CB4007E52FB /* ofxUIButton.cpp */; };
		FC77A87B18D31CB4007E52FB /* ofxUICanvas.cpp in Sources */ = {isa = PBXBuildFile; fileRef = FC77A82018D31CB4007E52FB /* ofxUICanvas.cpp */; };
		FC77A87C18D31CB4007E52FB /* ofxUICircleSlider.cpp in Sources */ = {isa = PBXBuildFile; fileRef = FC77A82218D31CB4007E52FB /* ofxUICircleSlider.cpp */; };
		FC77A87D18D31CB4007E52FB /* ofxUIDragableLabelButton.cpp in Sources */ = {isa = PBXBuildFile; fileRef = FC77A82518D31CB4007E52FB /* ofxUIDragableLabelButton.cpp */; };
		FC77A87E18D31CB4007E52FB /* ofxUIDropDownList.cpp in Sources */ = {isa = PBXBuildFile; fileRef = FC77A82718D31CB4007E52FB /* ofxUIDropDownList.cpp */; };
		FC77A87F18D31CB4007E52FB /* ofxUIEventArgs.cpp in Sources */ = {isa = PBXBuildFile; fileRef = FC77A82918D31CB4007E52FB /* ofxUIEventArgs.cpp */; };
		FC77A88018D31CB4007E52FB /* ofxUIFPS.cpp in Sources */ = {isa = PBXBuildFile; fileRef = FC77A82B18D31CB4007E52FB /* ofxUIFPS.cpp */; };
		FC77A88118D31CB4007E52FB /* ofxUIFPSSlider.cpp in Sources */ = {isa = PBXBuildFile; fileRef = FC77A82D18D31CB4007E52FB /* ofxUIFPSSlider.cpp */; };
		FC77A88218D31CB4007E52FB /* ofxUIImage.cpp in Sources */ = {isa = PBXBuildFile; fileRef = FC77A82F18D31CB4007E52FB /* ofxUIImage.cpp */; };
		FC77A88318D31CB4007E52FB /* ofxUIImageButton.cpp in Sources */ = {isa = PBXBuildFile; fileRef = FC77A83118D31CB4007E52FB /* ofxUIImageButton.cpp */; };
		FC77A88418D31CB4007E52FB /* ofxUIImageSampler.cpp in Sources */ = {isa = PBXBuildFile; fileRef = FC77A83318D31CB4007E52FB /* ofxUIImageSampler.cpp */; };
		FC77A88518D31CB4007E52FB /* ofxUIImageSlider.cpp in Sources */ = {isa = PBXBuildFile; fileRef = FC77A83518D31CB4007E52FB /* ofxUIImageSlider.cpp */; };
		FC77A88618D31CB4007E52FB /* ofxUIImageToggle.cpp in Sources */ = {isa = PBXBuildFile; fileRef = FC77A83718D31CB4007E52FB /* ofxUIImageToggle.cpp */; };
		FC77A88718D31CB4007E52FB /* ofxUILabel.cpp in Sources */ = {isa = PBXBuildFile; fileRef = FC77A83918D31CB4007E52FB /* ofxUILabel.cpp */; };
		FC77A88818D31CB4007E52FB /* ofxUILabelButton.cpp in Sources */ = {isa = PBXBuildFile; fileRef = FC77A83B18D31CB4007E52FB /* ofxUILabelButton.cpp */; };
		FC77A88918D31CB4007E52FB /* ofxUILabelToggle.cpp in Sources */ = {isa = PBXBuildFile; fileRef = FC77A83D18D31CB4007E52FB /* ofxUILabelToggle.cpp */; };
		FC77A88A18D31CB4007E52FB /* ofxUIMinimalSlider.cpp in Sources */ = {isa = PBXBuildFile; fileRef = FC77A83F18D31CB4007E52FB /* ofxUIMinimalSlider.cpp */; };
		FC77A88B18D31CB4007E52FB /* ofxUIMovingGraph.cpp in Sources */ = {isa = PBXBuildFile; fileRef = FC77A84118D31CB4007E52FB /* ofxUIMovingGraph.cpp */; };
		FC77A88C18D31CB4007E52FB /* ofxUIMultiImageButton.cpp in Sources */ = {isa = PBXBuildFile; fileRef = FC77A84318D31CB4007E52FB /* ofxUIMultiImageButton.cpp */; };
		FC77A88D18D31CB4007E52FB /* ofxUIMultiImageToggle.cpp in Sources */ = {isa = PBXBuildFile; fileRef = FC77A84518D31CB4007E52FB /* ofxUIMultiImageToggle.cpp */; };
		FC77A88E18D31CB4007E52FB /* ofxUINumberDialer.cpp in Sources */ = {isa = PBXBuildFile; fileRef = FC77A84718D31CB4007E52FB /* ofxUINumberDialer.cpp */; };
		FC77A88F18D31CB4007E52FB /* ofxUIRadio.cpp in Sources */ = {isa = PBXBuildFile; fileRef = FC77A84A18D31CB4007E52FB /* ofxUIRadio.cpp */; };
		FC77A89018D31CB4007E52FB /* ofxUIRangeSlider.cpp in Sources */ = {isa = PBXBuildFile; fileRef = FC77A84C18D31CB4007E52FB /* ofxUIRangeSlider.cpp */; };
		FC77A89118D31CB4007E52FB /* ofxUIRectangle.cpp in Sources */ = {isa = PBXBuildFile; fileRef = FC77A84E18D31CB4007E52FB /* ofxUIRectangle.cpp */; };
		FC77A89218D31CB4007E52FB /* ofxUIRotarySlider.cpp in Sources */ = {isa = PBXBuildFile; fileRef = FC77A85018D31CB4007E52FB /* ofxUIRotarySlider.cpp */; };
		FC77A89318D31CB4007E52FB /* ofxUIScrollableCanvas.cpp in Sources */ = {isa = PBXBuildFile; fileRef = FC77A85218D31CB4007E52FB /* ofxUIScrollableCanvas.cpp */; };
		FC77A89418D31CB4007E52FB /* ofxUISlider.cpp in Sources */ = {isa = PBXBuildFile; fileRef = FC77A85418D31CB4007E52FB /* ofxUISlider.cpp */; };
		FC77A89518D31CB4007E52FB /* ofxUISortableList.cpp in Sources */ = {isa = PBXBuildFile; fileRef = FC77A85618D31CB4007E52FB /* ofxUISortableList.cpp */; };
		FC77A89618D31CB4007E52FB /* ofxUISpacer.cpp in Sources */ = {isa = PBXBuildFile; fileRef = FC77A85818D31CB4007E52FB /* ofxUISpacer.cpp */; };
		FC77A89718D31CB4007E52FB /* ofxUISpectrum.cpp in Sources */ = {isa = PBXBuildFile; fileRef = FC77A85A18D31CB4007E52FB /* ofxUISpectrum.cpp */; };
		FC77A89818D31CB4007E52FB /* ofxUISuperCanvas.cpp in Sources */ = {isa = PBXBuildFile; fileRef = FC77A85C18D31CB4007E52FB /* ofxUISuperCanvas.cpp */; };
		FC77A89918D31CB4007E52FB /* ofxUITabBar.cpp in Sources */ = {isa = PBXBuildFile; fileRef = FC77A85E18D31CB4007E52FB /* ofxUITabBar.cpp */; };
		FC77A89A18D31CB4007E52FB /* ofxUITextArea.cpp in Sources */ = {isa = PBXBuildFile; fileRef = FC77A86018D31CB4007E52FB /* ofxUITextArea.cpp */; };
		FC77A89B18D31CB4007E52FB /* ofxUITextInput.cpp in Sources */ = {isa = PBXBuildFile; fileRef = FC77A86218D31CB4007E52FB /* ofxUITextInput.cpp */; };
		FC77A89C18D31CB4007E52FB /* ofxUIToggle.cpp in Sources */ = {isa = PBXBuildFile; fileRef = FC77A86418D31CB4007E52FB /* ofxUIToggle.cpp */; };
		FC77A89D18D31CB4007E52FB /* ofxUIToggleMatrix.cpp in Sources */ = {isa = PBXBuildFile; fileRef = FC77A86618D31CB4007E52FB /* ofxUIToggleMatrix.cpp */; };
		FC77A89E18D31CB4007E52FB /* ofxUIValuePlotter.cpp in Sources */ = {isa = PBXBuildFile; fileRef = FC77A86918D31CB4007E52FB /* ofxUIValuePlotter.cpp */; };
		FC77A89F18D31CB4007E52FB /* ofxUIWaveform.cpp in Sources */ = {isa = PBXBuildFile; fileRef = FC77A86B18D31CB4007E52FB /* ofxUIWaveform.cpp */; };
		FC77A8A018D31CB4007E52FB /* ofxUIWidget.cpp in Sources */ = {isa = PBXBuildFile; fileRef = FC77A86D18D31CB4007E52FB /* ofxUIWidget.cpp */; };
		FC77A8A118D31CB4007E52FB /* ofxUIWidgetWithLabel.cpp in Sources */ = {isa = PBXBuildFile; fileRef = FC77A87018D31CB4007E52FB /* ofxUIWidgetWithLabel.cpp */; };
		FC84FE8918C5C2910040C04F /* json_internalarray.inl in Resources */ = {isa = PBXBuildFile; fileRef = FC84FE7C18C5C2910040C04F /* json_internalarray.inl */; };
		FC84FE8A18C5C2910040C04F /* json_internalmap.inl in Resources */ = {isa = PBXBuildFile; fileRef = FC84FE7D18C5C2910040C04F /* json_internalmap.inl */; };
		FC84FE8B18C5C2910040C04F /* json_reader.cpp in Sources */ = {isa = PBXBuildFile; fileRef = FC84FE7E18C5C2910040C04F /* json_reader.cpp */; };
		FC84FE8C18C5C2910040C04F /* json_value.cpp in Sources */ = {isa = PBXBuildFile; fileRef = FC84FE8018C5C2910040C04F /* json_value.cpp */; };
		FC84FE8D18C5C2910040C04F /* json_valueiterator.inl in Resources */ = {isa = PBXBuildFile; fileRef = FC84FE8118C5C2910040C04F /* json_valueiterator.inl */; };
		FC84FE8E18C5C2910040C04F /* json_writer.cpp in Sources */ = {isa = PBXBuildFile; fileRef = FC84FE8218C5C2910040C04F /* json_writer.cpp */; };
		FC84FE8F18C5C2910040C04F /* sconscript in Resources */ = {isa = PBXBuildFile; fileRef = FC84FE8318C5C2910040C04F /* sconscript */; };
		FC84FE9018C5C2910040C04F /* README.md in Resources */ = {isa = PBXBuildFile; fileRef = FC84FE8418C5C2910040C04F /* README.md */; };
		FC84FE9118C5C2910040C04F /* ofxJSONElement.cpp in Sources */ = {isa = PBXBuildFile; fileRef = FC84FE8618C5C2910040C04F /* ofxJSONElement.cpp */; };
		FCA9315318C75CED008945FA /* Icon@2x.png in Resources */ = {isa = PBXBuildFile; fileRef = FCA9314F18C75CED008945FA /* Icon@2x.png */; };
		FCB376E61A95FAD3002509AC /* ofxBaseGui.cpp in Sources */ = {isa = PBXBuildFile; fileRef = FCB376D51A95FAD3002509AC /* ofxBaseGui.cpp */; };
		FCB376E71A95FAD3002509AC /* ofxButton.cpp in Sources */ = {isa = PBXBuildFile; fileRef = FCB376D71A95FAD3002509AC /* ofxButton.cpp */; };
		FCB376E81A95FAD3002509AC /* ofxGuiGroup.cpp in Sources */ = {isa = PBXBuildFile; fileRef = FCB376DA1A95FAD3002509AC /* ofxGuiGroup.cpp */; };
		FCB376E91A95FAD3002509AC /* ofxLabel.cpp in Sources */ = {isa = PBXBuildFile; fileRef = FCB376DC1A95FAD3002509AC /* ofxLabel.cpp */; };
		FCB376EA1A95FAD3002509AC /* ofxPanel.cpp in Sources */ = {isa = PBXBuildFile; fileRef = FCB376DE1A95FAD3002509AC /* ofxPanel.cpp */; };
		FCB376EB1A95FAD3002509AC /* ofxSlider.cpp in Sources */ = {isa = PBXBuildFile; fileRef = FCB376E01A95FAD3002509AC /* ofxSlider.cpp */; };
		FCB376EC1A95FAD3002509AC /* ofxSliderGroup.cpp in Sources */ = {isa = PBXBuildFile; fileRef = FCB376E21A95FAD3002509AC /* ofxSliderGroup.cpp */; };
		FCB376ED1A95FAD3002509AC /* ofxToggle.cpp in Sources */ = {isa = PBXBuildFile; fileRef = FCB376E41A95FAD3002509AC /* ofxToggle.cpp */; };
/* End PBXBuildFile section */

/* Begin PBXContainerItemProxy section */
		E41D410113B3A0D800A75A5D /* PBXContainerItemProxy */ = {
			isa = PBXContainerItemProxy;
			containerPortal = E41D40FD13B3A0D800A75A5D /* iOS+OFLib.xcodeproj */;
			proxyType = 2;
			remoteGlobalIDString = BB24DED610DA7A3F00E9C588;
			remoteInfo = "iPhone+OF Static Library";
		};
		E41D410313B3A11300A75A5D /* PBXContainerItemProxy */ = {
			isa = PBXContainerItemProxy;
			containerPortal = E41D40FD13B3A0D800A75A5D /* iOS+OFLib.xcodeproj */;
			proxyType = 1;
			remoteGlobalIDString = BB24DE5C10DA7A3F00E9C588;
			remoteInfo = "iPhone+OF Static Library";
		};
/* End PBXContainerItemProxy section */

/* Begin PBXFileReference section */
		01DCC0911400F9ACF5B65578 /* ofxXmlSettings.h */ = {isa = PBXFileReference; explicitFileType = sourcecode.c.h; fileEncoding = 30; name = ofxXmlSettings.h; path = ../../../addons/ofxXmlSettings/src/ofxXmlSettings.h; sourceTree = SOURCE_ROOT; };
		1D30AB110D05D00D00671497 /* Foundation.framework */ = {isa = PBXFileReference; lastKnownFileType = wrapper.framework; name = Foundation.framework; path = System/Library/Frameworks/Foundation.framework; sourceTree = SDKROOT; };
		1D6058910D05DD3D006BFB54 /* SpatialStories.app */ = {isa = PBXFileReference; explicitFileType = wrapper.application; includeInIndex = 0; path = SpatialStories.app; sourceTree = BUILT_PRODUCTS_DIR; };
		1DF5F4DF0D08C38300B7A737 /* UIKit.framework */ = {isa = PBXFileReference; lastKnownFileType = wrapper.framework; name = UIKit.framework; path = System/Library/Frameworks/UIKit.framework; sourceTree = SDKROOT; };
		288765FC0DF74451002DB57D /* CoreGraphics.framework */ = {isa = PBXFileReference; lastKnownFileType = wrapper.framework; name = CoreGraphics.framework; path = System/Library/Frameworks/CoreGraphics.framework; sourceTree = SDKROOT; };
		2B40EDA85BEB63E46785BC29 /* tinyxml.cpp */ = {isa = PBXFileReference; explicitFileType = sourcecode.cpp.cpp; fileEncoding = 30; name = tinyxml.cpp; path = ../../../addons/ofxXmlSettings/libs/tinyxml.cpp; sourceTree = SOURCE_ROOT; };
		32CA4F630368D1EE00C91783 /* ofxiOS_Prefix.pch */ = {isa = PBXFileReference; fileEncoding = 4; lastKnownFileType = sourcecode.c.h; path = ofxiOS_Prefix.pch; sourceTree = "<group>"; };
		50DF87D612C5AAE17AAFA6C0 /* ofxXmlSettings.cpp */ = {isa = PBXFileReference; explicitFileType = sourcecode.cpp.cpp; fileEncoding = 30; name = ofxXmlSettings.cpp; path = ../../../addons/ofxXmlSettings/src/ofxXmlSettings.cpp; sourceTree = SOURCE_ROOT; };
		5326AEA710A23A0500278DE6 /* CoreLocation.framework */ = {isa = PBXFileReference; lastKnownFileType = wrapper.framework; name = CoreLocation.framework; path = System/Library/Frameworks/CoreLocation.framework; sourceTree = SDKROOT; };
		53F323EA10A20EDB00E0DAE4 /* OpenAL.framework */ = {isa = PBXFileReference; lastKnownFileType = wrapper.framework; name = OpenAL.framework; path = System/Library/Frameworks/OpenAL.framework; sourceTree = SDKROOT; };
		832BDC407620CDBA568B713D /* tinyxmlerror.cpp */ = {isa = PBXFileReference; explicitFileType = sourcecode.cpp.cpp; fileEncoding = 30; name = tinyxmlerror.cpp; path = ../../../addons/ofxXmlSettings/libs/tinyxmlerror.cpp; sourceTree = SOURCE_ROOT; };
		B21E7E5F548EEA92F368040B /* tinyxml.h */ = {isa = PBXFileReference; explicitFileType = sourcecode.c.h; fileEncoding = 30; name = tinyxml.h; path = ../../../addons/ofxXmlSettings/libs/tinyxml.h; sourceTree = SOURCE_ROOT; };
		BB16EBD10F2B2A9500518274 /* OpenGLES.framework */ = {isa = PBXFileReference; lastKnownFileType = wrapper.framework; name = OpenGLES.framework; path = System/Library/Frameworks/OpenGLES.framework; sourceTree = SDKROOT; };
		BB16EBD80F2B2AB500518274 /* QuartzCore.framework */ = {isa = PBXFileReference; lastKnownFileType = wrapper.framework; name = QuartzCore.framework; path = System/Library/Frameworks/QuartzCore.framework; sourceTree = SDKROOT; };
		BB24DDC910DA781C00E9C588 /* ofxiOS-Info.plist */ = {isa = PBXFileReference; fileEncoding = 4; lastKnownFileType = text.plist.xml; path = "ofxiOS-Info.plist"; sourceTree = "<group>"; };
		BBE5EAB70F49AD8400F28951 /* AudioToolbox.framework */ = {isa = PBXFileReference; lastKnownFileType = wrapper.framework; name = AudioToolbox.framework; path = System/Library/Frameworks/AudioToolbox.framework; sourceTree = SDKROOT; };
		E41D3ED613B38FB500A75A5D /* Project.xcconfig */ = {isa = PBXFileReference; fileEncoding = 4; lastKnownFileType = text.xcconfig; path = Project.xcconfig; sourceTree = "<group>"; };
		E41D3EE513B3906D00A75A5D /* CoreOF.xcconfig */ = {isa = PBXFileReference; fileEncoding = 4; lastKnownFileType = text.xcconfig; name = CoreOF.xcconfig; path = ../../../libs/openFrameworksCompiled/project/ios/CoreOF.xcconfig; sourceTree = SOURCE_ROOT; };
		E41D400613B39D2100A75A5D /* AVFoundation.framework */ = {isa = PBXFileReference; lastKnownFileType = wrapper.framework; name = AVFoundation.framework; path = System/Library/Frameworks/AVFoundation.framework; sourceTree = SDKROOT; };
		E41D400713B39D2100A75A5D /* CoreMedia.framework */ = {isa = PBXFileReference; lastKnownFileType = wrapper.framework; name = CoreMedia.framework; path = System/Library/Frameworks/CoreMedia.framework; sourceTree = SDKROOT; };
		E41D400813B39D2100A75A5D /* CoreVideo.framework */ = {isa = PBXFileReference; lastKnownFileType = wrapper.framework; name = CoreVideo.framework; path = System/Library/Frameworks/CoreVideo.framework; sourceTree = SDKROOT; };
		E41D400913B39D2100A75A5D /* MapKit.framework */ = {isa = PBXFileReference; lastKnownFileType = wrapper.framework; name = MapKit.framework; path = System/Library/Frameworks/MapKit.framework; sourceTree = SDKROOT; };
		E41D40FD13B3A0D800A75A5D /* iOS+OFLib.xcodeproj */ = {isa = PBXFileReference; lastKnownFileType = "wrapper.pb-project"; name = "iOS+OFLib.xcodeproj"; path = "../../../libs/openFrameworksCompiled/project/ios/iOS+OFLib.xcodeproj"; sourceTree = SOURCE_ROOT; };
		E4A823A312561BE3002F86A2 /* CoreGraphics.framework */ = {isa = PBXFileReference; lastKnownFileType = wrapper.framework; name = CoreGraphics.framework; path = System/Library/Frameworks/CoreGraphics.framework; sourceTree = SDKROOT; };
		E4D8936B11527B74007E1F53 /* main.mm */ = {isa = PBXFileReference; fileEncoding = 4; lastKnownFileType = sourcecode.cpp.objcpp; name = main.mm; path = src/main.mm; sourceTree = SOURCE_ROOT; };
		E4D8936C11527B74007E1F53 /* testApp.h */ = {isa = PBXFileReference; fileEncoding = 4; lastKnownFileType = sourcecode.c.h; name = testApp.h; path = src/testApp.h; sourceTree = SOURCE_ROOT; };
		E4D8936D11527B74007E1F53 /* testApp.mm */ = {isa = PBXFileReference; fileEncoding = 4; lastKnownFileType = sourcecode.cpp.objcpp; name = testApp.mm; path = src/testApp.mm; sourceTree = SOURCE_ROOT; };
		FC07693418C4EACD00E46FA0 /* soundcontroller.h */ = {isa = PBXFileReference; fileEncoding = 4; lastKnownFileType = sourcecode.c.h; path = soundcontroller.h; sourceTree = "<group>"; };
		FC07693518C4EACD00E46FA0 /* soundcontroller.mm */ = {isa = PBXFileReference; fileEncoding = 4; lastKnownFileType = sourcecode.cpp.objcpp; path = soundcontroller.mm; sourceTree = "<group>"; };
		FC07693718C4EB3400E46FA0 /* soundObject.h */ = {isa = PBXFileReference; fileEncoding = 4; lastKnownFileType = sourcecode.c.h; path = soundObject.h; sourceTree = "<group>"; };
		FC07693818C4EB3400E46FA0 /* soundObject.mm */ = {isa = PBXFileReference; fileEncoding = 4; lastKnownFileType = sourcecode.cpp.objcpp; path = soundObject.mm; sourceTree = "<group>"; };
		FC55E12C18C5C5E500F9B49C /* ofxiOSSoundPlayer3D.h */ = {isa = PBXFileReference; fileEncoding = 4; lastKnownFileType = sourcecode.c.h; path = ofxiOSSoundPlayer3D.h; sourceTree = "<group>"; };
		FC55E12D18C5C5E500F9B49C /* ofxiOSSoundPlayer3D.mm */ = {isa = PBXFileReference; fileEncoding = 4; lastKnownFileType = sourcecode.cpp.objcpp; path = ofxiOSSoundPlayer3D.mm; sourceTree = "<group>"; };
		FC5DA1C87211D4F6377DA719 /* tinyxmlparser.cpp */ = {isa = PBXFileReference; explicitFileType = sourcecode.cpp.cpp; fileEncoding = 30; name = tinyxmlparser.cpp; path = ../../../addons/ofxXmlSettings/libs/tinyxmlparser.cpp; sourceTree = SOURCE_ROOT; };
		FC77A81118D31CB4007E52FB /* .gitignore */ = {isa = PBXFileReference; fileEncoding = 4; lastKnownFileType = text; path = .gitignore; sourceTree = "<group>"; };
		FC77A81218D31CB4007E52FB /* ofxaddons_thumbnail.png */ = {isa = PBXFileReference; lastKnownFileType = image.png; path = ofxaddons_thumbnail.png; sourceTree = "<group>"; };
		FC77A81318D31CB4007E52FB /* README.md */ = {isa = PBXFileReference; fileEncoding = 4; lastKnownFileType = text; path = README.md; sourceTree = "<group>"; };
		FC77A81518D31CB4007E52FB /* ofxUI.h */ = {isa = PBXFileReference; fileEncoding = 4; lastKnownFileType = sourcecode.c.h; path = ofxUI.h; sourceTree = "<group>"; };
		FC77A81618D31CB4007E52FB /* ofxUI2DGraph.cpp */ = {isa = PBXFileReference; fileEncoding = 4; lastKnownFileType = sourcecode.cpp.cpp; path = ofxUI2DGraph.cpp; sourceTree = "<group>"; };
		FC77A81718D31CB4007E52FB /* ofxUI2DGraph.h */ = {isa = PBXFileReference; fileEncoding = 4; lastKnownFileType = sourcecode.c.h; path = ofxUI2DGraph.h; sourceTree = "<group>"; };
		FC77A81818D31CB4007E52FB /* ofxUI2DPad.cpp */ = {isa = PBXFileReference; fileEncoding = 4; lastKnownFileType = sourcecode.cpp.cpp; path = ofxUI2DPad.cpp; sourceTree = "<group>"; };
		FC77A81918D31CB4007E52FB /* ofxUI2DPad.h */ = {isa = PBXFileReference; fileEncoding = 4; lastKnownFileType = sourcecode.c.h; path = ofxUI2DPad.h; sourceTree = "<group>"; };
		FC77A81A18D31CB4007E52FB /* ofxUIBaseDraws.cpp */ = {isa = PBXFileReference; fileEncoding = 4; lastKnownFileType = sourcecode.cpp.cpp; path = ofxUIBaseDraws.cpp; sourceTree = "<group>"; };
		FC77A81B18D31CB4007E52FB /* ofxUIBaseDraws.h */ = {isa = PBXFileReference; fileEncoding = 4; lastKnownFileType = sourcecode.c.h; path = ofxUIBaseDraws.h; sourceTree = "<group>"; };
		FC77A81C18D31CB4007E52FB /* ofxUIBiLabelSlider.cpp */ = {isa = PBXFileReference; fileEncoding = 4; lastKnownFileType = sourcecode.cpp.cpp; path = ofxUIBiLabelSlider.cpp; sourceTree = "<group>"; };
		FC77A81D18D31CB4007E52FB /* ofxUIBiLabelSlider.h */ = {isa = PBXFileReference; fileEncoding = 4; lastKnownFileType = sourcecode.c.h; path = ofxUIBiLabelSlider.h; sourceTree = "<group>"; };
		FC77A81E18D31CB4007E52FB /* ofxUIButton.cpp */ = {isa = PBXFileReference; fileEncoding = 4; lastKnownFileType = sourcecode.cpp.cpp; path = ofxUIButton.cpp; sourceTree = "<group>"; };
		FC77A81F18D31CB4007E52FB /* ofxUIButton.h */ = {isa = PBXFileReference; fileEncoding = 4; lastKnownFileType = sourcecode.c.h; path = ofxUIButton.h; sourceTree = "<group>"; };
		FC77A82018D31CB4007E52FB /* ofxUICanvas.cpp */ = {isa = PBXFileReference; fileEncoding = 4; lastKnownFileType = sourcecode.cpp.cpp; path = ofxUICanvas.cpp; sourceTree = "<group>"; };
		FC77A82118D31CB4007E52FB /* ofxUICanvas.h */ = {isa = PBXFileReference; fileEncoding = 4; lastKnownFileType = sourcecode.c.h; path = ofxUICanvas.h; sourceTree = "<group>"; };
		FC77A82218D31CB4007E52FB /* ofxUICircleSlider.cpp */ = {isa = PBXFileReference; fileEncoding = 4; lastKnownFileType = sourcecode.cpp.cpp; path = ofxUICircleSlider.cpp; sourceTree = "<group>"; };
		FC77A82318D31CB4007E52FB /* ofxUICircleSlider.h */ = {isa = PBXFileReference; fileEncoding = 4; lastKnownFileType = sourcecode.c.h; path = ofxUICircleSlider.h; sourceTree = "<group>"; };
		FC77A82418D31CB4007E52FB /* ofxUIDefines.h */ = {isa = PBXFileReference; fileEncoding = 4; lastKnownFileType = sourcecode.c.h; path = ofxUIDefines.h; sourceTree = "<group>"; };
		FC77A82518D31CB4007E52FB /* ofxUIDragableLabelButton.cpp */ = {isa = PBXFileReference; fileEncoding = 4; lastKnownFileType = sourcecode.cpp.cpp; path = ofxUIDragableLabelButton.cpp; sourceTree = "<group>"; };
		FC77A82618D31CB4007E52FB /* ofxUIDragableLabelButton.h */ = {isa = PBXFileReference; fileEncoding = 4; lastKnownFileType = sourcecode.c.h; path = ofxUIDragableLabelButton.h; sourceTree = "<group>"; };
		FC77A82718D31CB4007E52FB /* ofxUIDropDownList.cpp */ = {isa = PBXFileReference; fileEncoding = 4; lastKnownFileType = sourcecode.cpp.cpp; path = ofxUIDropDownList.cpp; sourceTree = "<group>"; };
		FC77A82818D31CB4007E52FB /* ofxUIDropDownList.h */ = {isa = PBXFileReference; fileEncoding = 4; lastKnownFileType = sourcecode.c.h; path = ofxUIDropDownList.h; sourceTree = "<group>"; };
		FC77A82918D31CB4007E52FB /* ofxUIEventArgs.cpp */ = {isa = PBXFileReference; fileEncoding = 4; lastKnownFileType = sourcecode.cpp.cpp; path = ofxUIEventArgs.cpp; sourceTree = "<group>"; };
		FC77A82A18D31CB4007E52FB /* ofxUIEventArgs.h */ = {isa = PBXFileReference; fileEncoding = 4; lastKnownFileType = sourcecode.c.h; path = ofxUIEventArgs.h; sourceTree = "<group>"; };
		FC77A82B18D31CB4007E52FB /* ofxUIFPS.cpp */ = {isa = PBXFileReference; fileEncoding = 4; lastKnownFileType = sourcecode.cpp.cpp; path = ofxUIFPS.cpp; sourceTree = "<group>"; };
		FC77A82C18D31CB4007E52FB /* ofxUIFPS.h */ = {isa = PBXFileReference; fileEncoding = 4; lastKnownFileType = sourcecode.c.h; path = ofxUIFPS.h; sourceTree = "<group>"; };
		FC77A82D18D31CB4007E52FB /* ofxUIFPSSlider.cpp */ = {isa = PBXFileReference; fileEncoding = 4; lastKnownFileType = sourcecode.cpp.cpp; path = ofxUIFPSSlider.cpp; sourceTree = "<group>"; };
		FC77A82E18D31CB4007E52FB /* ofxUIFPSSlider.h */ = {isa = PBXFileReference; fileEncoding = 4; lastKnownFileType = sourcecode.c.h; path = ofxUIFPSSlider.h; sourceTree = "<group>"; };
		FC77A82F18D31CB4007E52FB /* ofxUIImage.cpp */ = {isa = PBXFileReference; fileEncoding = 4; lastKnownFileType = sourcecode.cpp.cpp; path = ofxUIImage.cpp; sourceTree = "<group>"; };
		FC77A83018D31CB4007E52FB /* ofxUIImage.h */ = {isa = PBXFileReference; fileEncoding = 4; lastKnownFileType = sourcecode.c.h; path = ofxUIImage.h; sourceTree = "<group>"; };
		FC77A83118D31CB4007E52FB /* ofxUIImageButton.cpp */ = {isa = PBXFileReference; fileEncoding = 4; lastKnownFileType = sourcecode.cpp.cpp; path = ofxUIImageButton.cpp; sourceTree = "<group>"; };
		FC77A83218D31CB4007E52FB /* ofxUIImageButton.h */ = {isa = PBXFileReference; fileEncoding = 4; lastKnownFileType = sourcecode.c.h; path = ofxUIImageButton.h; sourceTree = "<group>"; };
		FC77A83318D31CB4007E52FB /* ofxUIImageSampler.cpp */ = {isa = PBXFileReference; fileEncoding = 4; lastKnownFileType = sourcecode.cpp.cpp; path = ofxUIImageSampler.cpp; sourceTree = "<group>"; };
		FC77A83418D31CB4007E52FB /* ofxUIImageSampler.h */ = {isa = PBXFileReference; fileEncoding = 4; lastKnownFileType = sourcecode.c.h; path = ofxUIImageSampler.h; sourceTree = "<group>"; };
		FC77A83518D31CB4007E52FB /* ofxUIImageSlider.cpp */ = {isa = PBXFileReference; fileEncoding = 4; lastKnownFileType = sourcecode.cpp.cpp; path = ofxUIImageSlider.cpp; sourceTree = "<group>"; };
		FC77A83618D31CB4007E52FB /* ofxUIImageSlider.h */ = {isa = PBXFileReference; fileEncoding = 4; lastKnownFileType = sourcecode.c.h; path = ofxUIImageSlider.h; sourceTree = "<group>"; };
		FC77A83718D31CB4007E52FB /* ofxUIImageToggle.cpp */ = {isa = PBXFileReference; fileEncoding = 4; lastKnownFileType = sourcecode.cpp.cpp; path = ofxUIImageToggle.cpp; sourceTree = "<group>"; };
		FC77A83818D31CB4007E52FB /* ofxUIImageToggle.h */ = {isa = PBXFileReference; fileEncoding = 4; lastKnownFileType = sourcecode.c.h; path = ofxUIImageToggle.h; sourceTree = "<group>"; };
		FC77A83918D31CB4007E52FB /* ofxUILabel.cpp */ = {isa = PBXFileReference; fileEncoding = 4; lastKnownFileType = sourcecode.cpp.cpp; path = ofxUILabel.cpp; sourceTree = "<group>"; };
		FC77A83A18D31CB4007E52FB /* ofxUILabel.h */ = {isa = PBXFileReference; fileEncoding = 4; lastKnownFileType = sourcecode.c.h; path = ofxUILabel.h; sourceTree = "<group>"; };
		FC77A83B18D31CB4007E52FB /* ofxUILabelButton.cpp */ = {isa = PBXFileReference; fileEncoding = 4; lastKnownFileType = sourcecode.cpp.cpp; path = ofxUILabelButton.cpp; sourceTree = "<group>"; };
		FC77A83C18D31CB4007E52FB /* ofxUILabelButton.h */ = {isa = PBXFileReference; fileEncoding = 4; lastKnownFileType = sourcecode.c.h; path = ofxUILabelButton.h; sourceTree = "<group>"; };
		FC77A83D18D31CB4007E52FB /* ofxUILabelToggle.cpp */ = {isa = PBXFileReference; fileEncoding = 4; lastKnownFileType = sourcecode.cpp.cpp; path = ofxUILabelToggle.cpp; sourceTree = "<group>"; };
		FC77A83E18D31CB4007E52FB /* ofxUILabelToggle.h */ = {isa = PBXFileReference; fileEncoding = 4; lastKnownFileType = sourcecode.c.h; path = ofxUILabelToggle.h; sourceTree = "<group>"; };
		FC77A83F18D31CB4007E52FB /* ofxUIMinimalSlider.cpp */ = {isa = PBXFileReference; fileEncoding = 4; lastKnownFileType = sourcecode.cpp.cpp; path = ofxUIMinimalSlider.cpp; sourceTree = "<group>"; };
		FC77A84018D31CB4007E52FB /* ofxUIMinimalSlider.h */ = {isa = PBXFileReference; fileEncoding = 4; lastKnownFileType = sourcecode.c.h; path = ofxUIMinimalSlider.h; sourceTree = "<group>"; };
		FC77A84118D31CB4007E52FB /* ofxUIMovingGraph.cpp */ = {isa = PBXFileReference; fileEncoding = 4; lastKnownFileType = sourcecode.cpp.cpp; path = ofxUIMovingGraph.cpp; sourceTree = "<group>"; };
		FC77A84218D31CB4007E52FB /* ofxUIMovingGraph.h */ = {isa = PBXFileReference; fileEncoding = 4; lastKnownFileType = sourcecode.c.h; path = ofxUIMovingGraph.h; sourceTree = "<group>"; };
		FC77A84318D31CB4007E52FB /* ofxUIMultiImageButton.cpp */ = {isa = PBXFileReference; fileEncoding = 4; lastKnownFileType = sourcecode.cpp.cpp; path = ofxUIMultiImageButton.cpp; sourceTree = "<group>"; };
		FC77A84418D31CB4007E52FB /* ofxUIMultiImageButton.h */ = {isa = PBXFileReference; fileEncoding = 4; lastKnownFileType = sourcecode.c.h; path = ofxUIMultiImageButton.h; sourceTree = "<group>"; };
		FC77A84518D31CB4007E52FB /* ofxUIMultiImageToggle.cpp */ = {isa = PBXFileReference; fileEncoding = 4; lastKnownFileType = sourcecode.cpp.cpp; path = ofxUIMultiImageToggle.cpp; sourceTree = "<group>"; };
		FC77A84618D31CB4007E52FB /* ofxUIMultiImageToggle.h */ = {isa = PBXFileReference; fileEncoding = 4; lastKnownFileType = sourcecode.c.h; path = ofxUIMultiImageToggle.h; sourceTree = "<group>"; };
		FC77A84718D31CB4007E52FB /* ofxUINumberDialer.cpp */ = {isa = PBXFileReference; fileEncoding = 4; lastKnownFileType = sourcecode.cpp.cpp; path = ofxUINumberDialer.cpp; sourceTree = "<group>"; };
		FC77A84818D31CB4007E52FB /* ofxUINumberDialer.h */ = {isa = PBXFileReference; fileEncoding = 4; lastKnownFileType = sourcecode.c.h; path = ofxUINumberDialer.h; sourceTree = "<group>"; };
		FC77A84918D31CB4007E52FB /* ofxUIOFWrapper.h */ = {isa = PBXFileReference; fileEncoding = 4; lastKnownFileType = sourcecode.c.h; path = ofxUIOFWrapper.h; sourceTree = "<group>"; };
		FC77A84A18D31CB4007E52FB /* ofxUIRadio.cpp */ = {isa = PBXFileReference; fileEncoding = 4; lastKnownFileType = sourcecode.cpp.cpp; path = ofxUIRadio.cpp; sourceTree = "<group>"; };
		FC77A84B18D31CB4007E52FB /* ofxUIRadio.h */ = {isa = PBXFileReference; fileEncoding = 4; lastKnownFileType = sourcecode.c.h; path = ofxUIRadio.h; sourceTree = "<group>"; };
		FC77A84C18D31CB4007E52FB /* ofxUIRangeSlider.cpp */ = {isa = PBXFileReference; fileEncoding = 4; lastKnownFileType = sourcecode.cpp.cpp; path = ofxUIRangeSlider.cpp; sourceTree = "<group>"; };
		FC77A84D18D31CB4007E52FB /* ofxUIRangeSlider.h */ = {isa = PBXFileReference; fileEncoding = 4; lastKnownFileType = sourcecode.c.h; path = ofxUIRangeSlider.h; sourceTree = "<group>"; };
		FC77A84E18D31CB4007E52FB /* ofxUIRectangle.cpp */ = {isa = PBXFileReference; fileEncoding = 4; lastKnownFileType = sourcecode.cpp.cpp; path = ofxUIRectangle.cpp; sourceTree = "<group>"; };
		FC77A84F18D31CB4007E52FB /* ofxUIRectangle.h */ = {isa = PBXFileReference; fileEncoding = 4; lastKnownFileType = sourcecode.c.h; path = ofxUIRectangle.h; sourceTree = "<group>"; };
		FC77A85018D31CB4007E52FB /* ofxUIRotarySlider.cpp */ = {isa = PBXFileReference; fileEncoding = 4; lastKnownFileType = sourcecode.cpp.cpp; path = ofxUIRotarySlider.cpp; sourceTree = "<group>"; };
		FC77A85118D31CB4007E52FB /* ofxUIRotarySlider.h */ = {isa = PBXFileReference; fileEncoding = 4; lastKnownFileType = sourcecode.c.h; path = ofxUIRotarySlider.h; sourceTree = "<group>"; };
		FC77A85218D31CB4007E52FB /* ofxUIScrollableCanvas.cpp */ = {isa = PBXFileReference; fileEncoding = 4; lastKnownFileType = sourcecode.cpp.cpp; path = ofxUIScrollableCanvas.cpp; sourceTree = "<group>"; };
		FC77A85318D31CB4007E52FB /* ofxUIScrollableCanvas.h */ = {isa = PBXFileReference; fileEncoding = 4; lastKnownFileType = sourcecode.c.h; path = ofxUIScrollableCanvas.h; sourceTree = "<group>"; };
		FC77A85418D31CB4007E52FB /* ofxUISlider.cpp */ = {isa = PBXFileReference; fileEncoding = 4; lastKnownFileType = sourcecode.cpp.cpp; path = ofxUISlider.cpp; sourceTree = "<group>"; };
		FC77A85518D31CB4007E52FB /* ofxUISlider.h */ = {isa = PBXFileReference; fileEncoding = 4; lastKnownFileType = sourcecode.c.h; path = ofxUISlider.h; sourceTree = "<group>"; };
		FC77A85618D31CB4007E52FB /* ofxUISortableList.cpp */ = {isa = PBXFileReference; fileEncoding = 4; lastKnownFileType = sourcecode.cpp.cpp; path = ofxUISortableList.cpp; sourceTree = "<group>"; };
		FC77A85718D31CB4007E52FB /* ofxUISortableList.h */ = {isa = PBXFileReference; fileEncoding = 4; lastKnownFileType = sourcecode.c.h; path = ofxUISortableList.h; sourceTree = "<group>"; };
		FC77A85818D31CB4007E52FB /* ofxUISpacer.cpp */ = {isa = PBXFileReference; fileEncoding = 4; lastKnownFileType = sourcecode.cpp.cpp; path = ofxUISpacer.cpp; sourceTree = "<group>"; };
		FC77A85918D31CB4007E52FB /* ofxUISpacer.h */ = {isa = PBXFileReference; fileEncoding = 4; lastKnownFileType = sourcecode.c.h; path = ofxUISpacer.h; sourceTree = "<group>"; };
		FC77A85A18D31CB4007E52FB /* ofxUISpectrum.cpp */ = {isa = PBXFileReference; fileEncoding = 4; lastKnownFileType = sourcecode.cpp.cpp; path = ofxUISpectrum.cpp; sourceTree = "<group>"; };
		FC77A85B18D31CB4007E52FB /* ofxUISpectrum.h */ = {isa = PBXFileReference; fileEncoding = 4; lastKnownFileType = sourcecode.c.h; path = ofxUISpectrum.h; sourceTree = "<group>"; };
		FC77A85C18D31CB4007E52FB /* ofxUISuperCanvas.cpp */ = {isa = PBXFileReference; fileEncoding = 4; lastKnownFileType = sourcecode.cpp.cpp; path = ofxUISuperCanvas.cpp; sourceTree = "<group>"; };
		FC77A85D18D31CB4007E52FB /* ofxUISuperCanvas.h */ = {isa = PBXFileReference; fileEncoding = 4; lastKnownFileType = sourcecode.c.h; path = ofxUISuperCanvas.h; sourceTree = "<group>"; };
		FC77A85E18D31CB4007E52FB /* ofxUITabBar.cpp */ = {isa = PBXFileReference; fileEncoding = 4; lastKnownFileType = sourcecode.cpp.cpp; path = ofxUITabBar.cpp; sourceTree = "<group>"; };
		FC77A85F18D31CB4007E52FB /* ofxUITabBar.h */ = {isa = PBXFileReference; fileEncoding = 4; lastKnownFileType = sourcecode.c.h; path = ofxUITabBar.h; sourceTree = "<group>"; };
		FC77A86018D31CB4007E52FB /* ofxUITextArea.cpp */ = {isa = PBXFileReference; fileEncoding = 4; lastKnownFileType = sourcecode.cpp.cpp; path = ofxUITextArea.cpp; sourceTree = "<group>"; };
		FC77A86118D31CB4007E52FB /* ofxUITextArea.h */ = {isa = PBXFileReference; fileEncoding = 4; lastKnownFileType = sourcecode.c.h; path = ofxUITextArea.h; sourceTree = "<group>"; };
		FC77A86218D31CB4007E52FB /* ofxUITextInput.cpp */ = {isa = PBXFileReference; fileEncoding = 4; lastKnownFileType = sourcecode.cpp.cpp; path = ofxUITextInput.cpp; sourceTree = "<group>"; };
		FC77A86318D31CB4007E52FB /* ofxUITextInput.h */ = {isa = PBXFileReference; fileEncoding = 4; lastKnownFileType = sourcecode.c.h; path = ofxUITextInput.h; sourceTree = "<group>"; };
		FC77A86418D31CB4007E52FB /* ofxUIToggle.cpp */ = {isa = PBXFileReference; fileEncoding = 4; lastKnownFileType = sourcecode.cpp.cpp; path = ofxUIToggle.cpp; sourceTree = "<group>"; };
		FC77A86518D31CB4007E52FB /* ofxUIToggle.h */ = {isa = PBXFileReference; fileEncoding = 4; lastKnownFileType = sourcecode.c.h; path = ofxUIToggle.h; sourceTree = "<group>"; };
		FC77A86618D31CB4007E52FB /* ofxUIToggleMatrix.cpp */ = {isa = PBXFileReference; fileEncoding = 4; lastKnownFileType = sourcecode.cpp.cpp; path = ofxUIToggleMatrix.cpp; sourceTree = "<group>"; };
		FC77A86718D31CB4007E52FB /* ofxUIToggleMatrix.h */ = {isa = PBXFileReference; fileEncoding = 4; lastKnownFileType = sourcecode.c.h; path = ofxUIToggleMatrix.h; sourceTree = "<group>"; };
		FC77A86818D31CB4007E52FB /* ofxUIUtils.h */ = {isa = PBXFileReference; fileEncoding = 4; lastKnownFileType = sourcecode.c.h; path = ofxUIUtils.h; sourceTree = "<group>"; };
		FC77A86918D31CB4007E52FB /* ofxUIValuePlotter.cpp */ = {isa = PBXFileReference; fileEncoding = 4; lastKnownFileType = sourcecode.cpp.cpp; path = ofxUIValuePlotter.cpp; sourceTree = "<group>"; };
		FC77A86A18D31CB4007E52FB /* ofxUIValuePlotter.h */ = {isa = PBXFileReference; fileEncoding = 4; lastKnownFileType = sourcecode.c.h; path = ofxUIValuePlotter.h; sourceTree = "<group>"; };
		FC77A86B18D31CB4007E52FB /* ofxUIWaveform.cpp */ = {isa = PBXFileReference; fileEncoding = 4; lastKnownFileType = sourcecode.cpp.cpp; path = ofxUIWaveform.cpp; sourceTree = "<group>"; };
		FC77A86C18D31CB4007E52FB /* ofxUIWaveform.h */ = {isa = PBXFileReference; fileEncoding = 4; lastKnownFileType = sourcecode.c.h; path = ofxUIWaveform.h; sourceTree = "<group>"; };
		FC77A86D18D31CB4007E52FB /* ofxUIWidget.cpp */ = {isa = PBXFileReference; fileEncoding = 4; lastKnownFileType = sourcecode.cpp.cpp; path = ofxUIWidget.cpp; sourceTree = "<group>"; };
		FC77A86E18D31CB4007E52FB /* ofxUIWidget.h */ = {isa = PBXFileReference; fileEncoding = 4; lastKnownFileType = sourcecode.c.h; path = ofxUIWidget.h; sourceTree = "<group>"; };
		FC77A86F18D31CB4007E52FB /* ofxUIWidgets.h */ = {isa = PBXFileReference; fileEncoding = 4; lastKnownFileType = sourcecode.c.h; path = ofxUIWidgets.h; sourceTree = "<group>"; };
		FC77A87018D31CB4007E52FB /* ofxUIWidgetWithLabel.cpp */ = {isa = PBXFileReference; fileEncoding = 4; lastKnownFileType = sourcecode.cpp.cpp; path = ofxUIWidgetWithLabel.cpp; sourceTree = "<group>"; };
		FC77A87118D31CB4007E52FB /* ofxUIWidgetWithLabel.h */ = {isa = PBXFileReference; fileEncoding = 4; lastKnownFileType = sourcecode.c.h; path = ofxUIWidgetWithLabel.h; sourceTree = "<group>"; };
		FC77A87218D31CB4007E52FB /* ofxUIWrapper.h */ = {isa = PBXFileReference; fileEncoding = 4; lastKnownFileType = sourcecode.c.h; path = ofxUIWrapper.h; sourceTree = "<group>"; };
		FC84FE7218C5C2910040C04F /* autolink.h */ = {isa = PBXFileReference; fileEncoding = 4; lastKnownFileType = sourcecode.c.h; path = autolink.h; sourceTree = "<group>"; };
		FC84FE7318C5C2910040C04F /* config.h */ = {isa = PBXFileReference; fileEncoding = 4; lastKnownFileType = sourcecode.c.h; path = config.h; sourceTree = "<group>"; };
		FC84FE7418C5C2910040C04F /* features.h */ = {isa = PBXFileReference; fileEncoding = 4; lastKnownFileType = sourcecode.c.h; path = features.h; sourceTree = "<group>"; };
		FC84FE7518C5C2910040C04F /* forwards.h */ = {isa = PBXFileReference; fileEncoding = 4; lastKnownFileType = sourcecode.c.h; path = forwards.h; sourceTree = "<group>"; };
		FC84FE7618C5C2910040C04F /* json.h */ = {isa = PBXFileReference; fileEncoding = 4; lastKnownFileType = sourcecode.c.h; path = json.h; sourceTree = "<group>"; };
		FC84FE7718C5C2910040C04F /* reader.h */ = {isa = PBXFileReference; fileEncoding = 4; lastKnownFileType = sourcecode.c.h; path = reader.h; sourceTree = "<group>"; };
		FC84FE7818C5C2910040C04F /* value.h */ = {isa = PBXFileReference; fileEncoding = 4; lastKnownFileType = sourcecode.c.h; path = value.h; sourceTree = "<group>"; };
		FC84FE7918C5C2910040C04F /* writer.h */ = {isa = PBXFileReference; fileEncoding = 4; lastKnownFileType = sourcecode.c.h; path = writer.h; sourceTree = "<group>"; };
		FC84FE7B18C5C2910040C04F /* json_batchallocator.h */ = {isa = PBXFileReference; fileEncoding = 4; lastKnownFileType = sourcecode.c.h; path = json_batchallocator.h; sourceTree = "<group>"; };
		FC84FE7C18C5C2910040C04F /* json_internalarray.inl */ = {isa = PBXFileReference; fileEncoding = 4; lastKnownFileType = text; path = json_internalarray.inl; sourceTree = "<group>"; };
		FC84FE7D18C5C2910040C04F /* json_internalmap.inl */ = {isa = PBXFileReference; fileEncoding = 4; lastKnownFileType = text; path = json_internalmap.inl; sourceTree = "<group>"; };
		FC84FE7E18C5C2910040C04F /* json_reader.cpp */ = {isa = PBXFileReference; fileEncoding = 4; lastKnownFileType = sourcecode.cpp.cpp; path = json_reader.cpp; sourceTree = "<group>"; };
		FC84FE7F18C5C2910040C04F /* json_tool.h */ = {isa = PBXFileReference; fileEncoding = 4; lastKnownFileType = sourcecode.c.h; path = json_tool.h; sourceTree = "<group>"; };
		FC84FE8018C5C2910040C04F /* json_value.cpp */ = {isa = PBXFileReference; fileEncoding = 4; lastKnownFileType = sourcecode.cpp.cpp; path = json_value.cpp; sourceTree = "<group>"; };
		FC84FE8118C5C2910040C04F /* json_valueiterator.inl */ = {isa = PBXFileReference; fileEncoding = 4; lastKnownFileType = text; path = json_valueiterator.inl; sourceTree = "<group>"; };
		FC84FE8218C5C2910040C04F /* json_writer.cpp */ = {isa = PBXFileReference; fileEncoding = 4; lastKnownFileType = sourcecode.cpp.cpp; path = json_writer.cpp; sourceTree = "<group>"; };
		FC84FE8318C5C2910040C04F /* sconscript */ = {isa = PBXFileReference; fileEncoding = 4; lastKnownFileType = text; path = sconscript; sourceTree = "<group>"; };
		FC84FE8418C5C2910040C04F /* README.md */ = {isa = PBXFileReference; fileEncoding = 4; lastKnownFileType = text; path = README.md; sourceTree = "<group>"; };
		FC84FE8618C5C2910040C04F /* ofxJSONElement.cpp */ = {isa = PBXFileReference; fileEncoding = 4; lastKnownFileType = sourcecode.cpp.cpp; path = ofxJSONElement.cpp; sourceTree = "<group>"; };
		FC84FE8718C5C2910040C04F /* ofxJSONElement.h */ = {isa = PBXFileReference; fileEncoding = 4; lastKnownFileType = sourcecode.c.h; path = ofxJSONElement.h; sourceTree = "<group>"; };
		FCA9314F18C75CED008945FA /* Icon@2x.png */ = {isa = PBXFileReference; lastKnownFileType = image.png; name = "Icon@2x.png"; path = "bin/data/Icon@2x.png"; sourceTree = "<group>"; };
		FCB376D51A95FAD3002509AC /* ofxBaseGui.cpp */ = {isa = PBXFileReference; fileEncoding = 4; lastKnownFileType = sourcecode.cpp.cpp; path = ofxBaseGui.cpp; sourceTree = "<group>"; };
		FCB376D61A95FAD3002509AC /* ofxBaseGui.h */ = {isa = PBXFileReference; fileEncoding = 4; lastKnownFileType = sourcecode.c.h; path = ofxBaseGui.h; sourceTree = "<group>"; };
		FCB376D71A95FAD3002509AC /* ofxButton.cpp */ = {isa = PBXFileReference; fileEncoding = 4; lastKnownFileType = sourcecode.cpp.cpp; path = ofxButton.cpp; sourceTree = "<group>"; };
		FCB376D81A95FAD3002509AC /* ofxButton.h */ = {isa = PBXFileReference; fileEncoding = 4; lastKnownFileType = sourcecode.c.h; path = ofxButton.h; sourceTree = "<group>"; };
		FCB376D91A95FAD3002509AC /* ofxGui.h */ = {isa = PBXFileReference; fileEncoding = 4; lastKnownFileType = sourcecode.c.h; path = ofxGui.h; sourceTree = "<group>"; };
		FCB376DA1A95FAD3002509AC /* ofxGuiGroup.cpp */ = {isa = PBXFileReference; fileEncoding = 4; lastKnownFileType = sourcecode.cpp.cpp; path = ofxGuiGroup.cpp; sourceTree = "<group>"; };
		FCB376DB1A95FAD3002509AC /* ofxGuiGroup.h */ = {isa = PBXFileReference; fileEncoding = 4; lastKnownFileType = sourcecode.c.h; path = ofxGuiGroup.h; sourceTree = "<group>"; };
		FCB376DC1A95FAD3002509AC /* ofxLabel.cpp */ = {isa = PBXFileReference; fileEncoding = 4; lastKnownFileType = sourcecode.cpp.cpp; path = ofxLabel.cpp; sourceTree = "<group>"; };
		FCB376DD1A95FAD3002509AC /* ofxLabel.h */ = {isa = PBXFileReference; fileEncoding = 4; lastKnownFileType = sourcecode.c.h; path = ofxLabel.h; sourceTree = "<group>"; };
		FCB376DE1A95FAD3002509AC /* ofxPanel.cpp */ = {isa = PBXFileReference; fileEncoding = 4; lastKnownFileType = sourcecode.cpp.cpp; path = ofxPanel.cpp; sourceTree = "<group>"; };
		FCB376DF1A95FAD3002509AC /* ofxPanel.h */ = {isa = PBXFileReference; fileEncoding = 4; lastKnownFileType = sourcecode.c.h; path = ofxPanel.h; sourceTree = "<group>"; };
		FCB376E01A95FAD3002509AC /* ofxSlider.cpp */ = {isa = PBXFileReference; fileEncoding = 4; lastKnownFileType = sourcecode.cpp.cpp; path = ofxSlider.cpp; sourceTree = "<group>"; };
		FCB376E11A95FAD3002509AC /* ofxSlider.h */ = {isa = PBXFileReference; fileEncoding = 4; lastKnownFileType = sourcecode.c.h; path = ofxSlider.h; sourceTree = "<group>"; };
		FCB376E21A95FAD3002509AC /* ofxSliderGroup.cpp */ = {isa = PBXFileReference; fileEncoding = 4; lastKnownFileType = sourcecode.cpp.cpp; path = ofxSliderGroup.cpp; sourceTree = "<group>"; };
		FCB376E31A95FAD3002509AC /* ofxSliderGroup.h */ = {isa = PBXFileReference; fileEncoding = 4; lastKnownFileType = sourcecode.c.h; path = ofxSliderGroup.h; sourceTree = "<group>"; };
		FCB376E41A95FAD3002509AC /* ofxToggle.cpp */ = {isa = PBXFileReference; fileEncoding = 4; lastKnownFileType = sourcecode.cpp.cpp; path = ofxToggle.cpp; sourceTree = "<group>"; };
		FCB376E51A95FAD3002509AC /* ofxToggle.h */ = {isa = PBXFileReference; fileEncoding = 4; lastKnownFileType = sourcecode.c.h; path = ofxToggle.h; sourceTree = "<group>"; };
/* End PBXFileReference section */

/* Begin PBXFrameworksBuildPhase section */
		1D60588F0D05DD3D006BFB54 /* Frameworks */ = {
			isa = PBXFrameworksBuildPhase;
			buildActionMask = 2147483647;
			files = (
				E41D421413B3A95300A75A5D /* libofxiOS_iphoneos_Debug.a in Frameworks */,
				1D60589F0D05DD5A006BFB54 /* Foundation.framework in Frameworks */,
				1DF5F4E00D08C38300B7A737 /* UIKit.framework in Frameworks */,
				288765FD0DF74451002DB57D /* CoreGraphics.framework in Frameworks */,
				BB16EBD20F2B2A9500518274 /* OpenGLES.framework in Frameworks */,
				BB16EBD90F2B2AB500518274 /* QuartzCore.framework in Frameworks */,
				BBE5EAB80F49AD8400F28951 /* AudioToolbox.framework in Frameworks */,
				53F323EB10A20EDB00E0DAE4 /* OpenAL.framework in Frameworks */,
				5326AEA810A23A0500278DE6 /* CoreLocation.framework in Frameworks */,
				E4A823A412561BE3002F86A2 /* CoreGraphics.framework in Frameworks */,
				E41D400B13B39D2100A75A5D /* AVFoundation.framework in Frameworks */,
				E41D400C13B39D2100A75A5D /* CoreMedia.framework in Frameworks */,
				E41D400D13B39D2100A75A5D /* CoreVideo.framework in Frameworks */,
				E41D400E13B39D2100A75A5D /* MapKit.framework in Frameworks */,
			);
			runOnlyForDeploymentPostprocessing = 0;
		};
/* End PBXFrameworksBuildPhase section */

/* Begin PBXGroup section */
		19C28FACFE9D520D11CA2CBB /* Products */ = {
			isa = PBXGroup;
			children = (
				1D6058910D05DD3D006BFB54 /* SpatialStories.app */,
			);
			name = Products;
			sourceTree = "<group>";
		};
		1F4FB5C423662B96ADFDCC0B /* ofxXmlSettings */ = {
			isa = PBXGroup;
			children = (
				6ECEF0D76BC33727823EADFF /* src */,
				6E54289412D2D94F45A05113 /* libs */,
			);
			name = ofxXmlSettings;
			sourceTree = "<group>";
		};
		29B97314FDCFA39411CA2CEA /* CustomTemplate */ = {
			isa = PBXGroup;
			children = (
				FCA9314F18C75CED008945FA /* Icon@2x.png */,
				E4D8936A11527B74007E1F53 /* src */,
				BB24E1F710DAA51900E9C588 /* openFrameworks */,
				BB16F26B0F2B646B00518274 /* addons */,
				BB16E9930F2B1E5900518274 /* libs */,
				19C28FACFE9D520D11CA2CBB /* Products */,
			);
			name = CustomTemplate;
			sourceTree = "<group>";
		};
		29B97323FDCFA39411CA2CEA /* core frameworks */ = {
			isa = PBXGroup;
			children = (
				E41D400613B39D2100A75A5D /* AVFoundation.framework */,
				E41D400713B39D2100A75A5D /* CoreMedia.framework */,
				E41D400813B39D2100A75A5D /* CoreVideo.framework */,
				E41D400913B39D2100A75A5D /* MapKit.framework */,
				53F323EA10A20EDB00E0DAE4 /* OpenAL.framework */,
				E4A823A312561BE3002F86A2 /* CoreGraphics.framework */,
				BBE5EAB70F49AD8400F28951 /* AudioToolbox.framework */,
				BB16EBD80F2B2AB500518274 /* QuartzCore.framework */,
				BB16EBD10F2B2A9500518274 /* OpenGLES.framework */,
				1DF5F4DF0D08C38300B7A737 /* UIKit.framework */,
				1D30AB110D05D00D00671497 /* Foundation.framework */,
				288765FC0DF74451002DB57D /* CoreGraphics.framework */,
				5326AEA710A23A0500278DE6 /* CoreLocation.framework */,
			);
			name = "core frameworks";
			sourceTree = "<group>";
		};
		6E54289412D2D94F45A05113 /* libs */ = {
			isa = PBXGroup;
			children = (
				2B40EDA85BEB63E46785BC29 /* tinyxml.cpp */,
				B21E7E5F548EEA92F368040B /* tinyxml.h */,
				832BDC407620CDBA568B713D /* tinyxmlerror.cpp */,
				FC5DA1C87211D4F6377DA719 /* tinyxmlparser.cpp */,
			);
			name = libs;
			sourceTree = "<group>";
		};
		6ECEF0D76BC33727823EADFF /* src */ = {
			isa = PBXGroup;
			children = (
				50DF87D612C5AAE17AAFA6C0 /* ofxXmlSettings.cpp */,
				01DCC0911400F9ACF5B65578 /* ofxXmlSettings.h */,
			);
			name = src;
			sourceTree = "<group>";
		};
		BB16E9930F2B1E5900518274 /* libs */ = {
			isa = PBXGroup;
			children = (
				BBE5E94E0F497BD800F28951 /* core */,
			);
			name = libs;
			sourceTree = "<group>";
		};
		BB16F26B0F2B646B00518274 /* addons */ = {
			isa = PBXGroup;
			children = (
				FCB376D31A95FAD3002509AC /* ofxGui */,
				FC77A81018D31CB4007E52FB /* ofxUI */,
				FC84FE6C18C5C2910040C04F /* ofxJSON */,
				1F4FB5C423662B96ADFDCC0B /* ofxXmlSettings */,
			);
			name = addons;
			sourceTree = "<group>";
		};
		BB24E1F710DAA51900E9C588 /* openFrameworks */ = {
			isa = PBXGroup;
			children = (
				E41D40FD13B3A0D800A75A5D /* iOS+OFLib.xcodeproj */,
				32CA4F630368D1EE00C91783 /* ofxiOS_Prefix.pch */,
				BB24DDC910DA781C00E9C588 /* ofxiOS-Info.plist */,
				E41D3EE513B3906D00A75A5D /* CoreOF.xcconfig */,
				E41D3ED613B38FB500A75A5D /* Project.xcconfig */,
			);
			name = openFrameworks;
			sourceTree = "<group>";
		};
		BBE5E94E0F497BD800F28951 /* core */ = {
			isa = PBXGroup;
			children = (
				29B97323FDCFA39411CA2CEA /* core frameworks */,
			);
			name = core;
			sourceTree = "<group>";
		};
		E41D40FE13B3A0D800A75A5D /* Products */ = {
			isa = PBXGroup;
			children = (
				E41D410213B3A0D800A75A5D /* libofxiOS_iphoneos_Debug.a */,
			);
			name = Products;
			sourceTree = "<group>";
		};
		E4D8936A11527B74007E1F53 /* src */ = {
			isa = PBXGroup;
			children = (
				FC55E12C18C5C5E500F9B49C /* ofxiOSSoundPlayer3D.h */,
				FC55E12D18C5C5E500F9B49C /* ofxiOSSoundPlayer3D.mm */,
				FC07693718C4EB3400E46FA0 /* soundObject.h */,
				FC07693818C4EB3400E46FA0 /* soundObject.mm */,
				FC07693418C4EACD00E46FA0 /* soundcontroller.h */,
				FC07693518C4EACD00E46FA0 /* soundcontroller.mm */,
				E4D8936B11527B74007E1F53 /* main.mm */,
				E4D8936D11527B74007E1F53 /* testApp.mm */,
				E4D8936C11527B74007E1F53 /* testApp.h */,
			);
			path = src;
			sourceTree = SOURCE_ROOT;
		};
		FC77A81018D31CB4007E52FB /* ofxUI */ = {
			isa = PBXGroup;
			children = (
				FC77A81118D31CB4007E52FB /* .gitignore */,
				FC77A81218D31CB4007E52FB /* ofxaddons_thumbnail.png */,
				FC77A81318D31CB4007E52FB /* README.md */,
				FC77A81418D31CB4007E52FB /* src */,
			);
			name = ofxUI;
			path = ../../../addons/ofxUI;
			sourceTree = "<group>";
		};
		FC77A81418D31CB4007E52FB /* src */ = {
			isa = PBXGroup;
			children = (
				FC77A81518D31CB4007E52FB /* ofxUI.h */,
				FC77A81618D31CB4007E52FB /* ofxUI2DGraph.cpp */,
				FC77A81718D31CB4007E52FB /* ofxUI2DGraph.h */,
				FC77A81818D31CB4007E52FB /* ofxUI2DPad.cpp */,
				FC77A81918D31CB4007E52FB /* ofxUI2DPad.h */,
				FC77A81A18D31CB4007E52FB /* ofxUIBaseDraws.cpp */,
				FC77A81B18D31CB4007E52FB /* ofxUIBaseDraws.h */,
				FC77A81C18D31CB4007E52FB /* ofxUIBiLabelSlider.cpp */,
				FC77A81D18D31CB4007E52FB /* ofxUIBiLabelSlider.h */,
				FC77A81E18D31CB4007E52FB /* ofxUIButton.cpp */,
				FC77A81F18D31CB4007E52FB /* ofxUIButton.h */,
				FC77A82018D31CB4007E52FB /* ofxUICanvas.cpp */,
				FC77A82118D31CB4007E52FB /* ofxUICanvas.h */,
				FC77A82218D31CB4007E52FB /* ofxUICircleSlider.cpp */,
				FC77A82318D31CB4007E52FB /* ofxUICircleSlider.h */,
				FC77A82418D31CB4007E52FB /* ofxUIDefines.h */,
				FC77A82518D31CB4007E52FB /* ofxUIDragableLabelButton.cpp */,
				FC77A82618D31CB4007E52FB /* ofxUIDragableLabelButton.h */,
				FC77A82718D31CB4007E52FB /* ofxUIDropDownList.cpp */,
				FC77A82818D31CB4007E52FB /* ofxUIDropDownList.h */,
				FC77A82918D31CB4007E52FB /* ofxUIEventArgs.cpp */,
				FC77A82A18D31CB4007E52FB /* ofxUIEventArgs.h */,
				FC77A82B18D31CB4007E52FB /* ofxUIFPS.cpp */,
				FC77A82C18D31CB4007E52FB /* ofxUIFPS.h */,
				FC77A82D18D31CB4007E52FB /* ofxUIFPSSlider.cpp */,
				FC77A82E18D31CB4007E52FB /* ofxUIFPSSlider.h */,
				FC77A82F18D31CB4007E52FB /* ofxUIImage.cpp */,
				FC77A83018D31CB4007E52FB /* ofxUIImage.h */,
				FC77A83118D31CB4007E52FB /* ofxUIImageButton.cpp */,
				FC77A83218D31CB4007E52FB /* ofxUIImageButton.h */,
				FC77A83318D31CB4007E52FB /* ofxUIImageSampler.cpp */,
				FC77A83418D31CB4007E52FB /* ofxUIImageSampler.h */,
				FC77A83518D31CB4007E52FB /* ofxUIImageSlider.cpp */,
				FC77A83618D31CB4007E52FB /* ofxUIImageSlider.h */,
				FC77A83718D31CB4007E52FB /* ofxUIImageToggle.cpp */,
				FC77A83818D31CB4007E52FB /* ofxUIImageToggle.h */,
				FC77A83918D31CB4007E52FB /* ofxUILabel.cpp */,
				FC77A83A18D31CB4007E52FB /* ofxUILabel.h */,
				FC77A83B18D31CB4007E52FB /* ofxUILabelButton.cpp */,
				FC77A83C18D31CB4007E52FB /* ofxUILabelButton.h */,
				FC77A83D18D31CB4007E52FB /* ofxUILabelToggle.cpp */,
				FC77A83E18D31CB4007E52FB /* ofxUILabelToggle.h */,
				FC77A83F18D31CB4007E52FB /* ofxUIMinimalSlider.cpp */,
				FC77A84018D31CB4007E52FB /* ofxUIMinimalSlider.h */,
				FC77A84118D31CB4007E52FB /* ofxUIMovingGraph.cpp */,
				FC77A84218D31CB4007E52FB /* ofxUIMovingGraph.h */,
				FC77A84318D31CB4007E52FB /* ofxUIMultiImageButton.cpp */,
				FC77A84418D31CB4007E52FB /* ofxUIMultiImageButton.h */,
				FC77A84518D31CB4007E52FB /* ofxUIMultiImageToggle.cpp */,
				FC77A84618D31CB4007E52FB /* ofxUIMultiImageToggle.h */,
				FC77A84718D31CB4007E52FB /* ofxUINumberDialer.cpp */,
				FC77A84818D31CB4007E52FB /* ofxUINumberDialer.h */,
				FC77A84918D31CB4007E52FB /* ofxUIOFWrapper.h */,
				FC77A84A18D31CB4007E52FB /* ofxUIRadio.cpp */,
				FC77A84B18D31CB4007E52FB /* ofxUIRadio.h */,
				FC77A84C18D31CB4007E52FB /* ofxUIRangeSlider.cpp */,
				FC77A84D18D31CB4007E52FB /* ofxUIRangeSlider.h */,
				FC77A84E18D31CB4007E52FB /* ofxUIRectangle.cpp */,
				FC77A84F18D31CB4007E52FB /* ofxUIRectangle.h */,
				FC77A85018D31CB4007E52FB /* ofxUIRotarySlider.cpp */,
				FC77A85118D31CB4007E52FB /* ofxUIRotarySlider.h */,
				FC77A85218D31CB4007E52FB /* ofxUIScrollableCanvas.cpp */,
				FC77A85318D31CB4007E52FB /* ofxUIScrollableCanvas.h */,
				FC77A85418D31CB4007E52FB /* ofxUISlider.cpp */,
				FC77A85518D31CB4007E52FB /* ofxUISlider.h */,
				FC77A85618D31CB4007E52FB /* ofxUISortableList.cpp */,
				FC77A85718D31CB4007E52FB /* ofxUISortableList.h */,
				FC77A85818D31CB4007E52FB /* ofxUISpacer.cpp */,
				FC77A85918D31CB4007E52FB /* ofxUISpacer.h */,
				FC77A85A18D31CB4007E52FB /* ofxUISpectrum.cpp */,
				FC77A85B18D31CB4007E52FB /* ofxUISpectrum.h */,
				FC77A85C18D31CB4007E52FB /* ofxUISuperCanvas.cpp */,
				FC77A85D18D31CB4007E52FB /* ofxUISuperCanvas.h */,
				FC77A85E18D31CB4007E52FB /* ofxUITabBar.cpp */,
				FC77A85F18D31CB4007E52FB /* ofxUITabBar.h */,
				FC77A86018D31CB4007E52FB /* ofxUITextArea.cpp */,
				FC77A86118D31CB4007E52FB /* ofxUITextArea.h */,
				FC77A86218D31CB4007E52FB /* ofxUITextInput.cpp */,
				FC77A86318D31CB4007E52FB /* ofxUITextInput.h */,
				FC77A86418D31CB4007E52FB /* ofxUIToggle.cpp */,
				FC77A86518D31CB4007E52FB /* ofxUIToggle.h */,
				FC77A86618D31CB4007E52FB /* ofxUIToggleMatrix.cpp */,
				FC77A86718D31CB4007E52FB /* ofxUIToggleMatrix.h */,
				FC77A86818D31CB4007E52FB /* ofxUIUtils.h */,
				FC77A86918D31CB4007E52FB /* ofxUIValuePlotter.cpp */,
				FC77A86A18D31CB4007E52FB /* ofxUIValuePlotter.h */,
				FC77A86B18D31CB4007E52FB /* ofxUIWaveform.cpp */,
				FC77A86C18D31CB4007E52FB /* ofxUIWaveform.h */,
				FC77A86D18D31CB4007E52FB /* ofxUIWidget.cpp */,
				FC77A86E18D31CB4007E52FB /* ofxUIWidget.h */,
				FC77A86F18D31CB4007E52FB /* ofxUIWidgets.h */,
				FC77A87018D31CB4007E52FB /* ofxUIWidgetWithLabel.cpp */,
				FC77A87118D31CB4007E52FB /* ofxUIWidgetWithLabel.h */,
				FC77A87218D31CB4007E52FB /* ofxUIWrapper.h */,
			);
			path = src;
			sourceTree = "<group>";
		};
		FC84FE6C18C5C2910040C04F /* ofxJSON */ = {
			isa = PBXGroup;
			children = (
				FC84FE6E18C5C2910040C04F /* libs */,
				FC84FE8418C5C2910040C04F /* README.md */,
				FC84FE8518C5C2910040C04F /* src */,
			);
			name = ofxJSON;
			path = ../../../addons/ofxJSON;
			sourceTree = "<group>";
		};
		FC84FE6E18C5C2910040C04F /* libs */ = {
			isa = PBXGroup;
			children = (
				FC84FE6F18C5C2910040C04F /* jsoncpp */,
			);
			path = libs;
			sourceTree = "<group>";
		};
		FC84FE6F18C5C2910040C04F /* jsoncpp */ = {
			isa = PBXGroup;
			children = (
				FC84FE7018C5C2910040C04F /* include */,
				FC84FE7A18C5C2910040C04F /* src */,
			);
			path = jsoncpp;
			sourceTree = "<group>";
		};
		FC84FE7018C5C2910040C04F /* include */ = {
			isa = PBXGroup;
			children = (
				FC84FE7118C5C2910040C04F /* json */,
			);
			path = include;
			sourceTree = "<group>";
		};
		FC84FE7118C5C2910040C04F /* json */ = {
			isa = PBXGroup;
			children = (
				FC84FE7218C5C2910040C04F /* autolink.h */,
				FC84FE7318C5C2910040C04F /* config.h */,
				FC84FE7418C5C2910040C04F /* features.h */,
				FC84FE7518C5C2910040C04F /* forwards.h */,
				FC84FE7618C5C2910040C04F /* json.h */,
				FC84FE7718C5C2910040C04F /* reader.h */,
				FC84FE7818C5C2910040C04F /* value.h */,
				FC84FE7918C5C2910040C04F /* writer.h */,
			);
			path = json;
			sourceTree = "<group>";
		};
		FC84FE7A18C5C2910040C04F /* src */ = {
			isa = PBXGroup;
			children = (
				FC84FE7B18C5C2910040C04F /* json_batchallocator.h */,
				FC84FE7C18C5C2910040C04F /* json_internalarray.inl */,
				FC84FE7D18C5C2910040C04F /* json_internalmap.inl */,
				FC84FE7E18C5C2910040C04F /* json_reader.cpp */,
				FC84FE7F18C5C2910040C04F /* json_tool.h */,
				FC84FE8018C5C2910040C04F /* json_value.cpp */,
				FC84FE8118C5C2910040C04F /* json_valueiterator.inl */,
				FC84FE8218C5C2910040C04F /* json_writer.cpp */,
				FC84FE8318C5C2910040C04F /* sconscript */,
			);
			path = src;
			sourceTree = "<group>";
		};
		FC84FE8518C5C2910040C04F /* src */ = {
			isa = PBXGroup;
			children = (
				FC84FE8618C5C2910040C04F /* ofxJSONElement.cpp */,
				FC84FE8718C5C2910040C04F /* ofxJSONElement.h */,
			);
			path = src;
			sourceTree = "<group>";
		};
		FCB376D31A95FAD3002509AC /* ofxGui */ = {
			isa = PBXGroup;
			children = (
				FCB376D41A95FAD3002509AC /* src */,
			);
			name = ofxGui;
			path = ../../../addons/ofxGui;
			sourceTree = "<group>";
		};
		FCB376D41A95FAD3002509AC /* src */ = {
			isa = PBXGroup;
			children = (
				FCB376D51A95FAD3002509AC /* ofxBaseGui.cpp */,
				FCB376D61A95FAD3002509AC /* ofxBaseGui.h */,
				FCB376D71A95FAD3002509AC /* ofxButton.cpp */,
				FCB376D81A95FAD3002509AC /* ofxButton.h */,
				FCB376D91A95FAD3002509AC /* ofxGui.h */,
				FCB376DA1A95FAD3002509AC /* ofxGuiGroup.cpp */,
				FCB376DB1A95FAD3002509AC /* ofxGuiGroup.h */,
				FCB376DC1A95FAD3002509AC /* ofxLabel.cpp */,
				FCB376DD1A95FAD3002509AC /* ofxLabel.h */,
				FCB376DE1A95FAD3002509AC /* ofxPanel.cpp */,
				FCB376DF1A95FAD3002509AC /* ofxPanel.h */,
				FCB376E01A95FAD3002509AC /* ofxSlider.cpp */,
				FCB376E11A95FAD3002509AC /* ofxSlider.h */,
				FCB376E21A95FAD3002509AC /* ofxSliderGroup.cpp */,
				FCB376E31A95FAD3002509AC /* ofxSliderGroup.h */,
				FCB376E41A95FAD3002509AC /* ofxToggle.cpp */,
				FCB376E51A95FAD3002509AC /* ofxToggle.h */,
			);
			path = src;
			sourceTree = "<group>";
		};
/* End PBXGroup section */

/* Begin PBXNativeTarget section */
		1D6058900D05DD3D006BFB54 /* SpatialStories */ = {
			isa = PBXNativeTarget;
			buildConfigurationList = 1D6058960D05DD3E006BFB54 /* Build configuration list for PBXNativeTarget "SpatialStories" */;
			buildPhases = (
				1D60588D0D05DD3D006BFB54 /* Resources */,
				1D60588E0D05DD3D006BFB54 /* Sources */,
				1D60588F0D05DD3D006BFB54 /* Frameworks */,
				9255DD331112741900D6945E /* ShellScript */,
			);
			buildRules = (
			);
			dependencies = (
				E41D410413B3A11300A75A5D /* PBXTargetDependency */,
			);
			name = SpatialStories;
			productName = iPhone;
			productReference = 1D6058910D05DD3D006BFB54 /* SpatialStories.app */;
			productType = "com.apple.product-type.application";
		};
/* End PBXNativeTarget section */

/* Begin PBXProject section */
		29B97313FDCFA39411CA2CEA /* Project object */ = {
			isa = PBXProject;
			attributes = {
				LastUpgradeCheck = 0460;
				TargetAttributes = {
					1D6058900D05DD3D006BFB54 = {
						DevelopmentTeam = FFUZS5J5U2;
					};
				};
			};
			buildConfigurationList = C01FCF4E08A954540054247B /* Build configuration list for PBXProject "SpatialStories" */;
			compatibilityVersion = "Xcode 3.2";
			developmentRegion = English;
			hasScannedForEncodings = 1;
			knownRegions = (
				English,
				Japanese,
				French,
				German,
			);
			mainGroup = 29B97314FDCFA39411CA2CEA /* CustomTemplate */;
			projectDirPath = "";
			projectReferences = (
				{
					ProductGroup = E41D40FE13B3A0D800A75A5D /* Products */;
					ProjectRef = E41D40FD13B3A0D800A75A5D /* iOS+OFLib.xcodeproj */;
				},
			);
			projectRoot = "";
			targets = (
				1D6058900D05DD3D006BFB54 /* SpatialStories */,
			);
		};
/* End PBXProject section */

/* Begin PBXReferenceProxy section */
		E41D410213B3A0D800A75A5D /* libofxiOS_iphoneos_Debug.a */ = {
			isa = PBXReferenceProxy;
			fileType = archive.ar;
			path = libofxiOS_iphoneos_Debug.a;
			remoteRef = E41D410113B3A0D800A75A5D /* PBXContainerItemProxy */;
			sourceTree = BUILT_PRODUCTS_DIR;
		};
/* End PBXReferenceProxy section */

/* Begin PBXResourcesBuildPhase section */
		1D60588D0D05DD3D006BFB54 /* Resources */ = {
			isa = PBXResourcesBuildPhase;
			buildActionMask = 2147483647;
			files = (
				FC84FE8918C5C2910040C04F /* json_internalarray.inl in Resources */,
				E41D3ED713B38FB500A75A5D /* Project.xcconfig in Resources */,
				FC77A87518D31CB4007E52FB /* README.md in Resources */,
				E41D3EE613B3906D00A75A5D /* CoreOF.xcconfig in Resources */,
				FC77A87418D31CB4007E52FB /* ofxaddons_thumbnail.png in Resources */,
				FC84FE9018C5C2910040C04F /* README.md in Resources */,
				FC77A87318D31CB4007E52FB /* .gitignore in Resources */,
				FCA9315318C75CED008945FA /* Icon@2x.png in Resources */,
				FC84FE8A18C5C2910040C04F /* json_internalmap.inl in Resources */,
				FC84FE8F18C5C2910040C04F /* sconscript in Resources */,
				FC84FE8D18C5C2910040C04F /* json_valueiterator.inl in Resources */,
			);
			runOnlyForDeploymentPostprocessing = 0;
		};
/* End PBXResourcesBuildPhase section */

/* Begin PBXShellScriptBuildPhase section */
		9255DD331112741900D6945E /* ShellScript */ = {
			isa = PBXShellScriptBuildPhase;
			buildActionMask = 2147483647;
			files = (
			);
			inputPaths = (
			);
			outputPaths = (
			);
			runOnlyForDeploymentPostprocessing = 0;
			shellPath = /bin/sh;
			shellScript = "cp -rf bin/data/ \"$TARGET_BUILD_DIR/$PRODUCT_NAME.app\"\n";
		};
/* End PBXShellScriptBuildPhase section */

/* Begin PBXSourcesBuildPhase section */
		1D60588E0D05DD3D006BFB54 /* Sources */ = {
			isa = PBXSourcesBuildPhase;
			buildActionMask = 2147483647;
			files = (
				FCB376EC1A95FAD3002509AC /* ofxSliderGroup.cpp in Sources */,
				FC77A87B18D31CB4007E52FB /* ofxUICanvas.cpp in Sources */,
				FCB376EB1A95FAD3002509AC /* ofxSlider.cpp in Sources */,
				FC77A88518D31CB4007E52FB /* ofxUIImageSlider.cpp in Sources */,
				FC77A87F18D31CB4007E52FB /* ofxUIEventArgs.cpp in Sources */,
				FC77A88C18D31CB4007E52FB /* ofxUIMultiImageButton.cpp in Sources */,
				FC77A88718D31CB4007E52FB /* ofxUILabel.cpp in Sources */,
				FC77A88B18D31CB4007E52FB /* ofxUIMovingGraph.cpp in Sources */,
				FC84FE8E18C5C2910040C04F /* json_writer.cpp in Sources */,
				FC77A87C18D31CB4007E52FB /* ofxUICircleSlider.cpp in Sources */,
				FC77A89018D31CB4007E52FB /* ofxUIRangeSlider.cpp in Sources */,
				FC77A88D18D31CB4007E52FB /* ofxUIMultiImageToggle.cpp in Sources */,
				FC77A88E18D31CB4007E52FB /* ofxUINumberDialer.cpp in Sources */,
				FC77A89718D31CB4007E52FB /* ofxUISpectrum.cpp in Sources */,
				FCB376E61A95FAD3002509AC /* ofxBaseGui.cpp in Sources */,
				FC77A89618D31CB4007E52FB /* ofxUISpacer.cpp in Sources */,
				FC55E12E18C5C5E500F9B49C /* ofxiOSSoundPlayer3D.mm in Sources */,
				FC77A87618D31CB4007E52FB /* ofxUI2DGraph.cpp in Sources */,
				FC77A88A18D31CB4007E52FB /* ofxUIMinimalSlider.cpp in Sources */,
				FC77A89418D31CB4007E52FB /* ofxUISlider.cpp in Sources */,
				FC77A88318D31CB4007E52FB /* ofxUIImageButton.cpp in Sources */,
				FCB376E81A95FAD3002509AC /* ofxGuiGroup.cpp in Sources */,
				FC77A89E18D31CB4007E52FB /* ofxUIValuePlotter.cpp in Sources */,
				FC77A89218D31CB4007E52FB /* ofxUIRotarySlider.cpp in Sources */,
				FC77A88118D31CB4007E52FB /* ofxUIFPSSlider.cpp in Sources */,
				FC77A88F18D31CB4007E52FB /* ofxUIRadio.cpp in Sources */,
				FC77A87718D31CB4007E52FB /* ofxUI2DPad.cpp in Sources */,
				FC77A89118D31CB4007E52FB /* ofxUIRectangle.cpp in Sources */,
				FC07693918C4EB3400E46FA0 /* soundObject.mm in Sources */,
				FC77A88818D31CB4007E52FB /* ofxUILabelButton.cpp in Sources */,
				FC84FE8B18C5C2910040C04F /* json_reader.cpp in Sources */,
				FC77A88018D31CB4007E52FB /* ofxUIFPS.cpp in Sources */,
				FC77A89A18D31CB4007E52FB /* ofxUITextArea.cpp in Sources */,
				FC77A89818D31CB4007E52FB /* ofxUISuperCanvas.cpp in Sources */,
				FC77A89C18D31CB4007E52FB /* ofxUIToggle.cpp in Sources */,
				FC77A88618D31CB4007E52FB /* ofxUIImageToggle.cpp in Sources */,
				E4D8936E11527B74007E1F53 /* main.mm in Sources */,
				FCB376ED1A95FAD3002509AC /* ofxToggle.cpp in Sources */,
				E4D8936F11527B74007E1F53 /* testApp.mm in Sources */,
				FC77A87D18D31CB4007E52FB /* ofxUIDragableLabelButton.cpp in Sources */,
				FC77A89918D31CB4007E52FB /* ofxUITabBar.cpp in Sources */,
				63B57AC5BF4EF088491E0317 /* ofxXmlSettings.cpp in Sources */,
				FC77A88918D31CB4007E52FB /* ofxUILabelToggle.cpp in Sources */,
				FC77A88418D31CB4007E52FB /* ofxUIImageSampler.cpp in Sources */,
				FC77A89318D31CB4007E52FB /* ofxUIScrollableCanvas.cpp in Sources */,
				FC77A87E18D31CB4007E52FB /* ofxUIDropDownList.cpp in Sources */,
				933A2227713C720CEFF80FD9 /* tinyxml.cpp in Sources */,
				FCB376EA1A95FAD3002509AC /* ofxPanel.cpp in Sources */,
				FC77A89D18D31CB4007E52FB /* ofxUIToggleMatrix.cpp in Sources */,
				FC77A88218D31CB4007E52FB /* ofxUIImage.cpp in Sources */,
				FC77A87818D31CB4007E52FB /* ofxUIBaseDraws.cpp in Sources */,
				9D44DC88EF9E7991B4A09951 /* tinyxmlerror.cpp in Sources */,
				FCB376E91A95FAD3002509AC /* ofxLabel.cpp in Sources */,
				FC77A8A118D31CB4007E52FB /* ofxUIWidgetWithLabel.cpp in Sources */,
				FC84FE9118C5C2910040C04F /* ofxJSONElement.cpp in Sources */,
				FCB376E71A95FAD3002509AC /* ofxButton.cpp in Sources */,
				FC84FE8C18C5C2910040C04F /* json_value.cpp in Sources */,
				FC77A89B18D31CB4007E52FB /* ofxUITextInput.cpp in Sources */,
				FC77A89518D31CB4007E52FB /* ofxUISortableList.cpp in Sources */,
				5A4349E9754D6FA14C0F2A3A /* tinyxmlparser.cpp in Sources */,
				FC77A87A18D31CB4007E52FB /* ofxUIButton.cpp in Sources */,
				FC77A87918D31CB4007E52FB /* ofxUIBiLabelSlider.cpp in Sources */,
				FC07693618C4EACD00E46FA0 /* soundcontroller.mm in Sources */,
				FC77A89F18D31CB4007E52FB /* ofxUIWaveform.cpp in Sources */,
				FC77A8A018D31CB4007E52FB /* ofxUIWidget.cpp in Sources */,
			);
			runOnlyForDeploymentPostprocessing = 0;
		};
/* End PBXSourcesBuildPhase section */

/* Begin PBXTargetDependency section */
		E41D410413B3A11300A75A5D /* PBXTargetDependency */ = {
			isa = PBXTargetDependency;
			name = "iPhone+OF Static Library";
			targetProxy = E41D410313B3A11300A75A5D /* PBXContainerItemProxy */;
		};
/* End PBXTargetDependency section */

/* Begin XCBuildConfiguration section */
		1D6058940D05DD3E006BFB54 /* Debug */ = {
			isa = XCBuildConfiguration;
			buildSettings = {
				ALWAYS_SEARCH_USER_PATHS = NO;
				CODE_SIGN_IDENTITY = "iPhone Developer";
				"CODE_SIGN_IDENTITY[sdk=iphoneos*]" = "iPhone Developer";
				GCC_PRECOMPILE_PREFIX_HEADER = YES;
				GCC_PREFIX_HEADER = ofxiOS_Prefix.pch;
				HEADER_SEARCH_PATHS = (
					"$(OF_CORE_HEADERS)",
					../../../addons/ofxXmlSettings/libs,
					../../../addons/ofxXmlSettings/src,
					../../../addons/ofxUI/libs,
					../../../addons/ofxUI/src,
					../../../addons/ofxJSON/libs,
					../../../addons/ofxJSON/libs/jsoncpp,
					../../../addons/ofxJSON/libs/jsoncpp/include,
					../../../addons/ofxJSON/libs/jsoncpp/include/json,
					../../../addons/ofxJSON/libs/jsoncpp/src,
					../../../addons/ofxJSON/src,
				);
				INFOPLIST_FILE = "ofxiOS-Info.plist";
				PRODUCT_NAME = SpatialStories;
				PROVISIONING_PROFILE = "";
				SDKROOT = iphoneos8.1;
				TARGETED_DEVICE_FAMILY = "1,2";
				VALID_ARCHS = "armv6 armv7";
			};
			name = Debug;
		};
		1D6058950D05DD3E006BFB54 /* Release */ = {
			isa = XCBuildConfiguration;
			buildSettings = {
				CODE_SIGN_IDENTITY = "iPhone Developer";
				"CODE_SIGN_IDENTITY[sdk=iphoneos*]" = "iPhone Developer";
				GCC_PRECOMPILE_PREFIX_HEADER = YES;
				GCC_PREFIX_HEADER = ofxiOS_Prefix.pch;
				HEADER_SEARCH_PATHS = (
					"$(OF_CORE_HEADERS)",
					../../../addons/ofxXmlSettings/libs,
					../../../addons/ofxXmlSettings/src,
					../../../addons/ofxUI/libs,
					../../../addons/ofxUI/src,
					../../../addons/ofxJSON/libs,
					../../../addons/ofxJSON/libs/jsoncpp,
					../../../addons/ofxJSON/libs/jsoncpp/include,
					../../../addons/ofxJSON/libs/jsoncpp/include/json,
					../../../addons/ofxJSON/libs/jsoncpp/src,
					../../../addons/ofxJSON/src,
				);
				INFOPLIST_FILE = "ofxiOS-Info.plist";
				PRODUCT_NAME = SpatialStories;
				PROVISIONING_PROFILE = "";
				SDKROOT = iphoneos8.1;
				TARGETED_DEVICE_FAMILY = "1,2";
				VALID_ARCHS = "armv6 armv7";
			};
			name = Release;
		};
		C01FCF4F08A954540054247B /* Debug */ = {
			isa = XCBuildConfiguration;
			baseConfigurationReference = E41D3ED613B38FB500A75A5D /* Project.xcconfig */;
			buildSettings = {
				ALWAYS_SEARCH_USER_PATHS = YES;
				ARCHS = "$(ARCHS_STANDARD_32_BIT)";
				CODE_SIGN_IDENTITY = "";
				"CODE_SIGN_IDENTITY[sdk=iphoneos*]" = "iPhone Developer";
				COMPRESS_PNG_FILES = NO;
				GCC_C_LANGUAGE_STANDARD = c99;
				GCC_OPTIMIZATION_LEVEL = 0;
				GCC_SYMBOLS_PRIVATE_EXTERN = NO;
				GCC_WARN_ABOUT_INVALID_OFFSETOF_MACRO = NO;
				GCC_WARN_ABOUT_POINTER_SIGNEDNESS = NO;
				GCC_WARN_ABOUT_RETURN_TYPE = YES;
				GCC_WARN_ALLOW_INCOMPLETE_PROTOCOL = NO;
				GCC_WARN_PROTOTYPE_CONVERSION = NO;
				GCC_WARN_UNUSED_VARIABLE = YES;
				HEADER_SEARCH_PATHS = (
					"$(OF_CORE_HEADERS)",
					../../../addons/ofxXmlSettings/libs,
					../../../addons/ofxXmlSettings/src,
					../../../addons/ofxJSON/libs,
					../../../addons/ofxJSON/src,
					../../../addons/ofxUI/libs,
					../../../addons/ofxUI/src,
				);
				IPHONEOS_DEPLOYMENT_TARGET = 3.1;
				ONLY_ACTIVE_ARCH = NO;
				"PROVISIONING_PROFILE[sdk=iphoneos*]" = "42D5B31D-0BAD-4D24-9B65-9111F06B42F0";
				SDKROOT = iphoneos;
				TARGETED_DEVICE_FAMILY = 1;
				WARNING_LDFLAGS = "-no_arch_warnings";
			};
			name = Debug;
		};
		C01FCF5008A954540054247B /* Release */ = {
			isa = XCBuildConfiguration;
			baseConfigurationReference = E41D3ED613B38FB500A75A5D /* Project.xcconfig */;
			buildSettings = {
				ALWAYS_SEARCH_USER_PATHS = YES;
				ARCHS = "$(ARCHS_STANDARD_32_BIT)";
				CODE_SIGN_IDENTITY = "";
				"CODE_SIGN_IDENTITY[sdk=iphoneos*]" = "iPhone Developer";
				COMPRESS_PNG_FILES = NO;
				GCC_C_LANGUAGE_STANDARD = c99;
				GCC_DYNAMIC_NO_PIC = YES;
				GCC_GENERATE_DEBUGGING_SYMBOLS = NO;
				GCC_OPTIMIZATION_LEVEL = 3;
				GCC_SYMBOLS_PRIVATE_EXTERN = NO;
				GCC_THUMB_SUPPORT = NO;
				GCC_WARN_ABOUT_RETURN_TYPE = YES;
				GCC_WARN_UNUSED_VARIABLE = YES;
				HEADER_SEARCH_PATHS = (
					"$(OF_CORE_HEADERS)",
					../../../addons/ofxXmlSettings/libs,
					../../../addons/ofxXmlSettings/src,
					../../../addons/ofxJSON/libs,
					../../../addons/ofxJSON/src,
					../../../addons/ofxUI/libs,
					../../../addons/ofxUI/src,
				);
				IPHONEOS_DEPLOYMENT_TARGET = 3.1;
				ONLY_ACTIVE_ARCH = NO;
				PROVISIONING_PROFILE = "42D5B31D-0BAD-4D24-9B65-9111F06B42F0";
				"PROVISIONING_PROFILE[sdk=*]" = "42D5B31D-0BAD-4D24-9B65-9111F06B42F0";
				SDKROOT = iphoneos;
				TARGETED_DEVICE_FAMILY = 1;
				WARNING_LDFLAGS = "-no_arch_warnings";
			};
			name = Release;
		};
/* End XCBuildConfiguration section */

/* Begin XCConfigurationList section */
		1D6058960D05DD3E006BFB54 /* Build configuration list for PBXNativeTarget "SpatialStories" */ = {
			isa = XCConfigurationList;
			buildConfigurations = (
				1D6058940D05DD3E006BFB54 /* Debug */,
				1D6058950D05DD3E006BFB54 /* Release */,
			);
			defaultConfigurationIsVisible = 0;
			defaultConfigurationName = Release;
		};
		C01FCF4E08A954540054247B /* Build configuration list for PBXProject "SpatialStories" */ = {
			isa = XCConfigurationList;
			buildConfigurations = (
				C01FCF4F08A954540054247B /* Debug */,
				C01FCF5008A954540054247B /* Release */,
			);
			defaultConfigurationIsVisible = 0;
			defaultConfigurationName = Release;
		};
/* End XCConfigurationList section */
	};
	rootObject = 29B97313FDCFA39411CA2CEA /* Project object */;
}
